{
  "pins" : [
    {
      "identity" : "viewinspector",
      "kind" : "remoteSourceControl",
      "location" : "https://github.com/nalexn/ViewInspector.git",
      "state" : {
        "branch" : "0.10.3",
        "revision" : "e9a06346499a3a889165647e3f23f8a7b2609a1c"
      }
    }
  ],
  "version" : 2
}
