{
  "object": {
    "pins": [
      {
        "package": "AnyCodable",
        "repositoryURL": "https://github.com/Flight-School/AnyCodable.git",
        "state": {
          "branch": null,
          "revision": "79b05a5da89557a4fa50647cc92488a3d9c3f478",
          "version": "0.3.0"
        }
      },
      {
        "package": "ObservableArray",
        "repositoryURL": "https://github.com/sstadelman/observable-array.git",
        "state": {
          "branch": null,
          "revision": "8cc76410f71b6653897f974b453e9a15ef8f96b4",
          "version": "1.2.0"
        }
      },
      {
        "package": "TinyNetworking",
        "repositoryURL": "https://github.com/objcio/tiny-networking",
        "state": {
          "branch": null,
          "revision": "a9af2917018e513c77061139fe3ce4e4d67cf259",
          "version": "0.4.1"
        }
      },
      {
        "package": "Zip",
        "repositoryURL": "https://github.com/marmelroy/Zip.git",
        "state": {
          "branch": null,
          "revision": "bd19d974e8a38cc8d3a88c90c8a107386c3b8ccf",
          "version": "2.1.1"
        }
      }
    ]
  },
  "version": 1
}
