// !$*UTF8*$!
{
	archiveVersion = 1;
	classes = {
	};
	objectVersion = 50;
	objects = {

/* Begin PBXBuildFile section */
		ABCD7CC324240A2800F526BE /* AppDelegate.swift in Sources */ = {isa = PBXBuildFile; fileRef = ABCD7CC224240A2800F526BE /* AppDelegate.swift */; };
		ABCD7CC524240A2800F526BE /* SceneDelegate.swift in Sources */ = {isa = PBXBuildFile; fileRef = ABCD7CC424240A2800F526BE /* SceneDelegate.swift */; };
		ABCD7CC724240A2800F526BE /* ContentView.swift in Sources */ = {isa = PBXBuildFile; fileRef = ABCD7CC624240A2800F526BE /* ContentView.swift */; };
		ABCD7CC924240A2A00F526BE /* Assets.xcassets in Resources */ = {isa = PBXBuildFile; fileRef = ABCD7CC824240A2A00F526BE /* Assets.xcassets */; };
		ABCD7CCC24240A2A00F526BE /* Preview Assets.xcassets in Resources */ = {isa = PBXBuildFile; fileRef = ABCD7CCB24240A2A00F526BE /* Preview Assets.xcassets */; };
		ABCD7CCF24240A2A00F526BE /* LaunchScreen.storyboard in Resources */ = {isa = PBXBuildFile; fileRef = ABCD7CCD24240A2A00F526BE /* LaunchScreen.storyboard */; };
		ABCD7CDA24240A2A00F526BE /* FioriSwiftUITestAppTests.swift in Sources */ = {isa = PBXBuildFile; fileRef = ABCD7CD924240A2A00F526BE /* FioriSwiftUITestAppTests.swift */; };
		ABCD7CE524240A2A00F526BE /* FioriSwiftUITestAppUITests.swift in Sources */ = {isa = PBXBuildFile; fileRef = ABCD7CE424240A2A00F526BE /* FioriSwiftUITestAppUITests.swift */; };
		ABCD7D1024240B7300F526BE /* FioriSwiftUI.framework in Frameworks */ = {isa = PBXBuildFile; fileRef = ABCD7D0F24240B7300F526BE /* FioriSwiftUI.framework */; };
		ABCD7D1124240B7300F526BE /* FioriSwiftUI.framework in Embed Frameworks */ = {isa = PBXBuildFile; fileRef = ABCD7D0F24240B7300F526BE /* FioriSwiftUI.framework */; settings = {ATTRIBUTES = (CodeSignOnCopy, RemoveHeadersOnCopy, ); }; };
/* End PBXBuildFile section */

/* Begin PBXContainerItemProxy section */
		ABCD7CD624240A2A00F526BE /* PBXContainerItemProxy */ = {
			isa = PBXContainerItemProxy;
			containerPortal = ABCD7CB724240A2800F526BE /* Project object */;
			proxyType = 1;
			remoteGlobalIDString = ABCD7CBE24240A2800F526BE;
			remoteInfo = FioriSwiftUITestApp;
		};
		ABCD7CE124240A2A00F526BE /* PBXContainerItemProxy */ = {
			isa = PBXContainerItemProxy;
			containerPortal = ABCD7CB724240A2800F526BE /* Project object */;
			proxyType = 1;
			remoteGlobalIDString = ABCD7CBE24240A2800F526BE;
			remoteInfo = FioriSwiftUITestApp;
		};
/* End PBXContainerItemProxy section */

/* Begin PBXCopyFilesBuildPhase section */
		ABCD7D1224240B7300F526BE /* Embed Frameworks */ = {
			isa = PBXCopyFilesBuildPhase;
			buildActionMask = 2147483647;
			dstPath = "";
			dstSubfolderSpec = 10;
			files = (
				ABCD7D1124240B7300F526BE /* FioriSwiftUI.framework in Embed Frameworks */,
			);
			name = "Embed Frameworks";
			runOnlyForDeploymentPostprocessing = 0;
		};
/* End PBXCopyFilesBuildPhase section */

/* Begin PBXFileReference section */
		ABCD7CBF24240A2800F526BE /* FioriSwiftUITestApp.app */ = {isa = PBXFileReference; explicitFileType = wrapper.application; includeInIndex = 0; path = FioriSwiftUITestApp.app; sourceTree = BUILT_PRODUCTS_DIR; };
		ABCD7CC224240A2800F526BE /* AppDelegate.swift */ = {isa = PBXFileReference; lastKnownFileType = sourcecode.swift; path = AppDelegate.swift; sourceTree = "<group>"; };
		ABCD7CC424240A2800F526BE /* SceneDelegate.swift */ = {isa = PBXFileReference; lastKnownFileType = sourcecode.swift; path = SceneDelegate.swift; sourceTree = "<group>"; };
		ABCD7CC624240A2800F526BE /* ContentView.swift */ = {isa = PBXFileReference; lastKnownFileType = sourcecode.swift; path = ContentView.swift; sourceTree = "<group>"; };
		ABCD7CC824240A2A00F526BE /* Assets.xcassets */ = {isa = PBXFileReference; lastKnownFileType = folder.assetcatalog; path = Assets.xcassets; sourceTree = "<group>"; };
		ABCD7CCB24240A2A00F526BE /* Preview Assets.xcassets */ = {isa = PBXFileReference; lastKnownFileType = folder.assetcatalog; path = "Preview Assets.xcassets"; sourceTree = "<group>"; };
		ABCD7CCE24240A2A00F526BE /* Base */ = {isa = PBXFileReference; lastKnownFileType = file.storyboard; name = Base; path = Base.lproj/LaunchScreen.storyboard; sourceTree = "<group>"; };
		ABCD7CD024240A2A00F526BE /* Info.plist */ = {isa = PBXFileReference; lastKnownFileType = text.plist.xml; path = Info.plist; sourceTree = "<group>"; };
		ABCD7CD524240A2A00F526BE /* FioriSwiftUITestAppTests.xctest */ = {isa = PBXFileReference; explicitFileType = wrapper.cfbundle; includeInIndex = 0; path = FioriSwiftUITestAppTests.xctest; sourceTree = BUILT_PRODUCTS_DIR; };
		ABCD7CD924240A2A00F526BE /* FioriSwiftUITestAppTests.swift */ = {isa = PBXFileReference; lastKnownFileType = sourcecode.swift; path = FioriSwiftUITestAppTests.swift; sourceTree = "<group>"; };
		ABCD7CDB24240A2A00F526BE /* Info.plist */ = {isa = PBXFileReference; lastKnownFileType = text.plist.xml; path = Info.plist; sourceTree = "<group>"; };
		ABCD7CE024240A2A00F526BE /* FioriSwiftUITestAppUITests.xctest */ = {isa = PBXFileReference; explicitFileType = wrapper.cfbundle; includeInIndex = 0; path = FioriSwiftUITestAppUITests.xctest; sourceTree = BUILT_PRODUCTS_DIR; };
		ABCD7CE424240A2A00F526BE /* FioriSwiftUITestAppUITests.swift */ = {isa = PBXFileReference; lastKnownFileType = sourcecode.swift; path = FioriSwiftUITestAppUITests.swift; sourceTree = "<group>"; };
		ABCD7CE624240A2B00F526BE /* Info.plist */ = {isa = PBXFileReference; lastKnownFileType = text.plist.xml; path = Info.plist; sourceTree = "<group>"; };
		ABCD7D0F24240B7300F526BE /* FioriSwiftUI.framework */ = {isa = PBXFileReference; lastKnownFileType = wrapper.framework; path = FioriSwiftUI.framework; sourceTree = BUILT_PRODUCTS_DIR; };
/* End PBXFileReference section */

/* Begin PBXFrameworksBuildPhase section */
		ABCD7CBC24240A2800F526BE /* Frameworks */ = {
			isa = PBXFrameworksBuildPhase;
			buildActionMask = 2147483647;
			files = (
				ABCD7D1024240B7300F526BE /* FioriSwiftUI.framework in Frameworks */,
			);
			runOnlyForDeploymentPostprocessing = 0;
		};
		ABCD7CD224240A2A00F526BE /* Frameworks */ = {
			isa = PBXFrameworksBuildPhase;
			buildActionMask = 2147483647;
			files = (
			);
			runOnlyForDeploymentPostprocessing = 0;
		};
		ABCD7CDD24240A2A00F526BE /* Frameworks */ = {
			isa = PBXFrameworksBuildPhase;
			buildActionMask = 2147483647;
			files = (
			);
			runOnlyForDeploymentPostprocessing = 0;
		};
/* End PBXFrameworksBuildPhase section */

/* Begin PBXGroup section */
		ABCD7CB624240A2800F526BE = {
			isa = PBXGroup;
			children = (
				ABCD7CC124240A2800F526BE /* FioriSwiftUITestApp */,
				ABCD7CD824240A2A00F526BE /* FioriSwiftUITestAppTests */,
				ABCD7CE324240A2A00F526BE /* FioriSwiftUITestAppUITests */,
				ABCD7CC024240A2800F526BE /* Products */,
				ABCD7D0E24240B7300F526BE /* Frameworks */,
			);
			sourceTree = "<group>";
		};
		ABCD7CC024240A2800F526BE /* Products */ = {
			isa = PBXGroup;
			children = (
				ABCD7CBF24240A2800F526BE /* FioriSwiftUITestApp.app */,
				ABCD7CD524240A2A00F526BE /* FioriSwiftUITestAppTests.xctest */,
				ABCD7CE024240A2A00F526BE /* FioriSwiftUITestAppUITests.xctest */,
			);
			name = Products;
			sourceTree = "<group>";
		};
		ABCD7CC124240A2800F526BE /* FioriSwiftUITestApp */ = {
			isa = PBXGroup;
			children = (
				ABCD7CC224240A2800F526BE /* AppDelegate.swift */,
				ABCD7CC424240A2800F526BE /* SceneDelegate.swift */,
				ABCD7CC624240A2800F526BE /* ContentView.swift */,
				ABCD7CC824240A2A00F526BE /* Assets.xcassets */,
				ABCD7CCD24240A2A00F526BE /* LaunchScreen.storyboard */,
				ABCD7CD024240A2A00F526BE /* Info.plist */,
				ABCD7CCA24240A2A00F526BE /* Preview Content */,
			);
			path = FioriSwiftUITestApp;
			sourceTree = "<group>";
		};
		ABCD7CCA24240A2A00F526BE /* Preview Content */ = {
			isa = PBXGroup;
			children = (
				ABCD7CCB24240A2A00F526BE /* Preview Assets.xcassets */,
			);
			path = "Preview Content";
			sourceTree = "<group>";
		};
		ABCD7CD824240A2A00F526BE /* FioriSwiftUITestAppTests */ = {
			isa = PBXGroup;
			children = (
				ABCD7CD924240A2A00F526BE /* FioriSwiftUITestAppTests.swift */,
				ABCD7CDB24240A2A00F526BE /* Info.plist */,
			);
			path = FioriSwiftUITestAppTests;
			sourceTree = "<group>";
		};
		ABCD7CE324240A2A00F526BE /* FioriSwiftUITestAppUITests */ = {
			isa = PBXGroup;
			children = (
				ABCD7CE424240A2A00F526BE /* FioriSwiftUITestAppUITests.swift */,
				ABCD7CE624240A2B00F526BE /* Info.plist */,
			);
			path = FioriSwiftUITestAppUITests;
			sourceTree = "<group>";
		};
		ABCD7D0E24240B7300F526BE /* Frameworks */ = {
			isa = PBXGroup;
			children = (
				ABCD7D0F24240B7300F526BE /* FioriSwiftUI.framework */,
			);
			name = Frameworks;
			sourceTree = "<group>";
		};
/* End PBXGroup section */

/* Begin PBXNativeTarget section */
		ABCD7CBE24240A2800F526BE /* FioriSwiftUITestApp */ = {
			isa = PBXNativeTarget;
			buildConfigurationList = ABCD7CE924240A2B00F526BE /* Build configuration list for PBXNativeTarget "FioriSwiftUITestApp" */;
			buildPhases = (
				ABCD7CBB24240A2800F526BE /* Sources */,
				ABCD7CBC24240A2800F526BE /* Frameworks */,
				ABCD7CBD24240A2800F526BE /* Resources */,
				ABCD7D1224240B7300F526BE /* Embed Frameworks */,
			);
			buildRules = (
			);
			dependencies = (
			);
			name = FioriSwiftUITestApp;
			productName = FioriSwiftUITestApp;
			productReference = ABCD7CBF24240A2800F526BE /* FioriSwiftUITestApp.app */;
			productType = "com.apple.product-type.application";
		};
		ABCD7CD424240A2A00F526BE /* FioriSwiftUITestAppTests */ = {
			isa = PBXNativeTarget;
			buildConfigurationList = ABCD7CEC24240A2B00F526BE /* Build configuration list for PBXNativeTarget "FioriSwiftUITestAppTests" */;
			buildPhases = (
				ABCD7CD124240A2A00F526BE /* Sources */,
				ABCD7CD224240A2A00F526BE /* Frameworks */,
				ABCD7CD324240A2A00F526BE /* Resources */,
			);
			buildRules = (
			);
			dependencies = (
				ABCD7CD724240A2A00F526BE /* PBXTargetDependency */,
			);
			name = FioriSwiftUITestAppTests;
			productName = FioriSwiftUITestAppTests;
			productReference = ABCD7CD524240A2A00F526BE /* FioriSwiftUITestAppTests.xctest */;
			productType = "com.apple.product-type.bundle.unit-test";
		};
		ABCD7CDF24240A2A00F526BE /* FioriSwiftUITestAppUITests */ = {
			isa = PBXNativeTarget;
			buildConfigurationList = ABCD7CEF24240A2B00F526BE /* Build configuration list for PBXNativeTarget "FioriSwiftUITestAppUITests" */;
			buildPhases = (
				ABCD7CDC24240A2A00F526BE /* Sources */,
				ABCD7CDD24240A2A00F526BE /* Frameworks */,
				ABCD7CDE24240A2A00F526BE /* Resources */,
			);
			buildRules = (
			);
			dependencies = (
				ABCD7CE224240A2A00F526BE /* PBXTargetDependency */,
			);
			name = FioriSwiftUITestAppUITests;
			productName = FioriSwiftUITestAppUITests;
			productReference = ABCD7CE024240A2A00F526BE /* FioriSwiftUITestAppUITests.xctest */;
			productType = "com.apple.product-type.bundle.ui-testing";
		};
/* End PBXNativeTarget section */

/* Begin PBXProject section */
		ABCD7CB724240A2800F526BE /* Project object */ = {
			isa = PBXProject;
			attributes = {
				LastSwiftUpdateCheck = 1130;
				LastUpgradeCheck = 1130;
				ORGANIZATIONNAME = "Ma, Xiao";
				TargetAttributes = {
					ABCD7CBE24240A2800F526BE = {
						CreatedOnToolsVersion = 11.3.1;
					};
					ABCD7CD424240A2A00F526BE = {
						CreatedOnToolsVersion = 11.3.1;
						TestTargetID = ABCD7CBE24240A2800F526BE;
					};
					ABCD7CDF24240A2A00F526BE = {
						CreatedOnToolsVersion = 11.3.1;
						TestTargetID = ABCD7CBE24240A2800F526BE;
					};
				};
			};
			buildConfigurationList = ABCD7CBA24240A2800F526BE /* Build configuration list for PBXProject "FioriSwiftUITestApp" */;
			compatibilityVersion = "Xcode 9.3";
			developmentRegion = en;
			hasScannedForEncodings = 0;
			knownRegions = (
				en,
				Base,
			);
			mainGroup = ABCD7CB624240A2800F526BE;
			productRefGroup = ABCD7CC024240A2800F526BE /* Products */;
			projectDirPath = "";
			projectRoot = "";
			targets = (
				ABCD7CBE24240A2800F526BE /* FioriSwiftUITestApp */,
				ABCD7CD424240A2A00F526BE /* FioriSwiftUITestAppTests */,
				ABCD7CDF24240A2A00F526BE /* FioriSwiftUITestAppUITests */,
			);
		};
/* End PBXProject section */

/* Begin PBXResourcesBuildPhase section */
		ABCD7CBD24240A2800F526BE /* Resources */ = {
			isa = PBXResourcesBuildPhase;
			buildActionMask = 2147483647;
			files = (
				ABCD7CCF24240A2A00F526BE /* LaunchScreen.storyboard in Resources */,
				ABCD7CCC24240A2A00F526BE /* Preview Assets.xcassets in Resources */,
				ABCD7CC924240A2A00F526BE /* Assets.xcassets in Resources */,
			);
			runOnlyForDeploymentPostprocessing = 0;
		};
		ABCD7CD324240A2A00F526BE /* Resources */ = {
			isa = PBXResourcesBuildPhase;
			buildActionMask = 2147483647;
			files = (
			);
			runOnlyForDeploymentPostprocessing = 0;
		};
		ABCD7CDE24240A2A00F526BE /* Resources */ = {
			isa = PBXResourcesBuildPhase;
			buildActionMask = 2147483647;
			files = (
			);
			runOnlyForDeploymentPostprocessing = 0;
		};
/* End PBXResourcesBuildPhase section */

/* Begin PBXSourcesBuildPhase section */
		ABCD7CBB24240A2800F526BE /* Sources */ = {
			isa = PBXSourcesBuildPhase;
			buildActionMask = 2147483647;
			files = (
				ABCD7CC324240A2800F526BE /* AppDelegate.swift in Sources */,
				ABCD7CC524240A2800F526BE /* SceneDelegate.swift in Sources */,
				ABCD7CC724240A2800F526BE /* ContentView.swift in Sources */,
			);
			runOnlyForDeploymentPostprocessing = 0;
		};
		ABCD7CD124240A2A00F526BE /* Sources */ = {
			isa = PBXSourcesBuildPhase;
			buildActionMask = 2147483647;
			files = (
				ABCD7CDA24240A2A00F526BE /* FioriSwiftUITestAppTests.swift in Sources */,
			);
			runOnlyForDeploymentPostprocessing = 0;
		};
		ABCD7CDC24240A2A00F526BE /* Sources */ = {
			isa = PBXSourcesBuildPhase;
			buildActionMask = 2147483647;
			files = (
				ABCD7CE524240A2A00F526BE /* FioriSwiftUITestAppUITests.swift in Sources */,
			);
			runOnlyForDeploymentPostprocessing = 0;
		};
/* End PBXSourcesBuildPhase section */

/* Begin PBXTargetDependency section */
		ABCD7CD724240A2A00F526BE /* PBXTargetDependency */ = {
			isa = PBXTargetDependency;
			target = ABCD7CBE24240A2800F526BE /* FioriSwiftUITestApp */;
			targetProxy = ABCD7CD624240A2A00F526BE /* PBXContainerItemProxy */;
		};
		ABCD7CE224240A2A00F526BE /* PBXTargetDependency */ = {
			isa = PBXTargetDependency;
			target = ABCD7CBE24240A2800F526BE /* FioriSwiftUITestApp */;
			targetProxy = ABCD7CE124240A2A00F526BE /* PBXContainerItemProxy */;
		};
/* End PBXTargetDependency section */

/* Begin PBXVariantGroup section */
		ABCD7CCD24240A2A00F526BE /* LaunchScreen.storyboard */ = {
			isa = PBXVariantGroup;
			children = (
				ABCD7CCE24240A2A00F526BE /* Base */,
			);
			name = LaunchScreen.storyboard;
			sourceTree = "<group>";
		};
/* End PBXVariantGroup section */

/* Begin XCBuildConfiguration section */
		ABCD7CE724240A2B00F526BE /* Debug */ = {
			isa = XCBuildConfiguration;
			buildSettings = {
				ALWAYS_SEARCH_USER_PATHS = NO;
				CLANG_ANALYZER_NONNULL = YES;
				CLANG_ANALYZER_NUMBER_OBJECT_CONVERSION = YES_AGGRESSIVE;
				CLANG_CXX_LANGUAGE_STANDARD = "gnu++14";
				CLANG_CXX_LIBRARY = "libc++";
				CLANG_ENABLE_MODULES = YES;
				CLANG_ENABLE_OBJC_ARC = YES;
				CLANG_ENABLE_OBJC_WEAK = YES;
				CLANG_WARN_BLOCK_CAPTURE_AUTORELEASING = YES;
				CLANG_WARN_BOOL_CONVERSION = YES;
				CLANG_WARN_COMMA = YES;
				CLANG_WARN_CONSTANT_CONVERSION = YES;
				CLANG_WARN_DEPRECATED_OBJC_IMPLEMENTATIONS = YES;
				CLANG_WARN_DIRECT_OBJC_ISA_USAGE = YES_ERROR;
				CLANG_WARN_DOCUMENTATION_COMMENTS = YES;
				CLANG_WARN_EMPTY_BODY = YES;
				CLANG_WARN_ENUM_CONVERSION = YES;
				CLANG_WARN_INFINITE_RECURSION = YES;
				CLANG_WARN_INT_CONVERSION = YES;
				CLANG_WARN_NON_LITERAL_NULL_CONVERSION = YES;
				CLANG_WARN_OBJC_IMPLICIT_RETAIN_SELF = YES;
				CLANG_WARN_OBJC_LITERAL_CONVERSION = YES;
				CLANG_WARN_OBJC_ROOT_CLASS = YES_ERROR;
				CLANG_WARN_RANGE_LOOP_ANALYSIS = YES;
				CLANG_WARN_STRICT_PROTOTYPES = YES;
				CLANG_WARN_SUSPICIOUS_MOVE = YES;
				CLANG_WARN_UNGUARDED_AVAILABILITY = YES_AGGRESSIVE;
				CLANG_WARN_UNREACHABLE_CODE = YES;
				CLANG_WARN__DUPLICATE_METHOD_MATCH = YES;
				COPY_PHASE_STRIP = NO;
				DEBUG_INFORMATION_FORMAT = dwarf;
				ENABLE_STRICT_OBJC_MSGSEND = YES;
				ENABLE_TESTABILITY = YES;
				GCC_C_LANGUAGE_STANDARD = gnu11;
				GCC_DYNAMIC_NO_PIC = NO;
				GCC_NO_COMMON_BLOCKS = YES;
				GCC_OPTIMIZATION_LEVEL = 0;
				GCC_PREPROCESSOR_DEFINITIONS = (
					"DEBUG=1",
					"$(inherited)",
				);
				GCC_WARN_64_TO_32_BIT_CONVERSION = YES;
				GCC_WARN_ABOUT_RETURN_TYPE = YES_ERROR;
				GCC_WARN_UNDECLARED_SELECTOR = YES;
				GCC_WARN_UNINITIALIZED_AUTOS = YES_AGGRESSIVE;
				GCC_WARN_UNUSED_FUNCTION = YES;
				GCC_WARN_UNUSED_VARIABLE = YES;
				IPHONEOS_DEPLOYMENT_TARGET = 13.2;
				MTL_ENABLE_DEBUG_INFO = INCLUDE_SOURCE;
				MTL_FAST_MATH = YES;
				ONLY_ACTIVE_ARCH = YES;
				SDKROOT = iphoneos;
				SWIFT_ACTIVE_COMPILATION_CONDITIONS = DEBUG;
				SWIFT_OPTIMIZATION_LEVEL = "-Onone";
			};
			name = Debug;
		};
		ABCD7CE824240A2B00F526BE /* Release */ = {
			isa = XCBuildConfiguration;
			buildSettings = {
				ALWAYS_SEARCH_USER_PATHS = NO;
				CLANG_ANALYZER_NONNULL = YES;
				CLANG_ANALYZER_NUMBER_OBJECT_CONVERSION = YES_AGGRESSIVE;
				CLANG_CXX_LANGUAGE_STANDARD = "gnu++14";
				CLANG_CXX_LIBRARY = "libc++";
				CLANG_ENABLE_MODULES = YES;
				CLANG_ENABLE_OBJC_ARC = YES;
				CLANG_ENABLE_OBJC_WEAK = YES;
				CLANG_WARN_BLOCK_CAPTURE_AUTORELEASING = YES;
				CLANG_WARN_BOOL_CONVERSION = YES;
				CLANG_WARN_COMMA = YES;
				CLANG_WARN_CONSTANT_CONVERSION = YES;
				CLANG_WARN_DEPRECATED_OBJC_IMPLEMENTATIONS = YES;
				CLANG_WARN_DIRECT_OBJC_ISA_USAGE = YES_ERROR;
				CLANG_WARN_DOCUMENTATION_COMMENTS = YES;
				CLANG_WARN_EMPTY_BODY = YES;
				CLANG_WARN_ENUM_CONVERSION = YES;
				CLANG_WARN_INFINITE_RECURSION = YES;
				CLANG_WARN_INT_CONVERSION = YES;
				CLANG_WARN_NON_LITERAL_NULL_CONVERSION = YES;
				CLANG_WARN_OBJC_IMPLICIT_RETAIN_SELF = YES;
				CLANG_WARN_OBJC_LITERAL_CONVERSION = YES;
				CLANG_WARN_OBJC_ROOT_CLASS = YES_ERROR;
				CLANG_WARN_RANGE_LOOP_ANALYSIS = YES;
				CLANG_WARN_STRICT_PROTOTYPES = YES;
				CLANG_WARN_SUSPICIOUS_MOVE = YES;
				CLANG_WARN_UNGUARDED_AVAILABILITY = YES_AGGRESSIVE;
				CLANG_WARN_UNREACHABLE_CODE = YES;
				CLANG_WARN__DUPLICATE_METHOD_MATCH = YES;
				COPY_PHASE_STRIP = NO;
				DEBUG_INFORMATION_FORMAT = "dwarf-with-dsym";
				ENABLE_NS_ASSERTIONS = NO;
				ENABLE_STRICT_OBJC_MSGSEND = YES;
				GCC_C_LANGUAGE_STANDARD = gnu11;
				GCC_NO_COMMON_BLOCKS = YES;
				GCC_WARN_64_TO_32_BIT_CONVERSION = YES;
				GCC_WARN_ABOUT_RETURN_TYPE = YES_ERROR;
				GCC_WARN_UNDECLARED_SELECTOR = YES;
				GCC_WARN_UNINITIALIZED_AUTOS = YES_AGGRESSIVE;
				GCC_WARN_UNUSED_FUNCTION = YES;
				GCC_WARN_UNUSED_VARIABLE = YES;
				IPHONEOS_DEPLOYMENT_TARGET = 13.2;
				MTL_ENABLE_DEBUG_INFO = NO;
				MTL_FAST_MATH = YES;
				SDKROOT = iphoneos;
				SWIFT_COMPILATION_MODE = wholemodule;
				SWIFT_OPTIMIZATION_LEVEL = "-O";
				VALIDATE_PRODUCT = YES;
			};
			name = Release;
		};
		ABCD7CEA24240A2B00F526BE /* Debug */ = {
			isa = XCBuildConfiguration;
			buildSettings = {
				ASSETCATALOG_COMPILER_APPICON_NAME = AppIcon;
				CODE_SIGN_STYLE = Automatic;
				DEVELOPMENT_ASSET_PATHS = "\"FioriSwiftUITestApp/Preview Content\"";
				DEVELOPMENT_TEAM = 68K47G5VML;
				ENABLE_PREVIEWS = YES;
				INFOPLIST_FILE = FioriSwiftUITestApp/Info.plist;
				LD_RUNPATH_SEARCH_PATHS = (
					"$(inherited)",
					"@executable_path/Frameworks",
				);
				PRODUCT_BUNDLE_IDENTIFIER = com.SAP.FioriSwiftUITestApp;
				PRODUCT_NAME = "$(TARGET_NAME)";
				SWIFT_VERSION = 5.0;
				TARGETED_DEVICE_FAMILY = "1,2";
			};
			name = Debug;
		};
		ABCD7CEB24240A2B00F526BE /* Release */ = {
			isa = XCBuildConfiguration;
			buildSettings = {
				ASSETCATALOG_COMPILER_APPICON_NAME = AppIcon;
				CODE_SIGN_STYLE = Automatic;
				DEVELOPMENT_ASSET_PATHS = "\"FioriSwiftUITestApp/Preview Content\"";
				DEVELOPMENT_TEAM = 68K47G5VML;
				ENABLE_PREVIEWS = YES;
				INFOPLIST_FILE = FioriSwiftUITestApp/Info.plist;
				LD_RUNPATH_SEARCH_PATHS = (
					"$(inherited)",
					"@executable_path/Frameworks",
				);
				PRODUCT_BUNDLE_IDENTIFIER = com.SAP.FioriSwiftUITestApp;
				PRODUCT_NAME = "$(TARGET_NAME)";
				SWIFT_VERSION = 5.0;
				TARGETED_DEVICE_FAMILY = "1,2";
			};
			name = Release;
		};
		ABCD7CED24240A2B00F526BE /* Debug */ = {
			isa = XCBuildConfiguration;
			buildSettings = {
				ALWAYS_EMBED_SWIFT_STANDARD_LIBRARIES = YES;
				BUNDLE_LOADER = "$(TEST_HOST)";
				CODE_SIGN_STYLE = Automatic;
				DEVELOPMENT_TEAM = 68K47G5VML;
				INFOPLIST_FILE = FioriSwiftUITestAppTests/Info.plist;
				IPHONEOS_DEPLOYMENT_TARGET = 13.2;
				LD_RUNPATH_SEARCH_PATHS = (
					"$(inherited)",
					"@executable_path/Frameworks",
					"@loader_path/Frameworks",
				);
				PRODUCT_BUNDLE_IDENTIFIER = com.SAP.FioriSwiftUITestAppTests;
				PRODUCT_NAME = "$(TARGET_NAME)";
				SWIFT_VERSION = 5.0;
				TARGETED_DEVICE_FAMILY = "1,2";
				TEST_HOST = "$(BUILT_PRODUCTS_DIR)/FioriSwiftUITestApp.app/FioriSwiftUITestApp";
			};
			name = Debug;
		};
		ABCD7CEE24240A2B00F526BE /* Release */ = {
			isa = XCBuildConfiguration;
			buildSettings = {
				ALWAYS_EMBED_SWIFT_STANDARD_LIBRARIES = YES;
				BUNDLE_LOADER = "$(TEST_HOST)";
				CODE_SIGN_STYLE = Automatic;
				DEVELOPMENT_TEAM = 68K47G5VML;
				INFOPLIST_FILE = FioriSwiftUITestAppTests/Info.plist;
				IPHONEOS_DEPLOYMENT_TARGET = 13.2;
				LD_RUNPATH_SEARCH_PATHS = (
					"$(inherited)",
					"@executable_path/Frameworks",
					"@loader_path/Frameworks",
				);
				PRODUCT_BUNDLE_IDENTIFIER = com.SAP.FioriSwiftUITestAppTests;
				PRODUCT_NAME = "$(TARGET_NAME)";
				SWIFT_VERSION = 5.0;
				TARGETED_DEVICE_FAMILY = "1,2";
				TEST_HOST = "$(BUILT_PRODUCTS_DIR)/FioriSwiftUITestApp.app/FioriSwiftUITestApp";
			};
			name = Release;
		};
		ABCD7CF024240A2B00F526BE /* Debug */ = {
			isa = XCBuildConfiguration;
			buildSettings = {
				ALWAYS_EMBED_SWIFT_STANDARD_LIBRARIES = YES;
				CODE_SIGN_STYLE = Automatic;
				DEVELOPMENT_TEAM = 68K47G5VML;
				INFOPLIST_FILE = FioriSwiftUITestAppUITests/Info.plist;
				LD_RUNPATH_SEARCH_PATHS = (
					"$(inherited)",
					"@executable_path/Frameworks",
					"@loader_path/Frameworks",
				);
				PRODUCT_BUNDLE_IDENTIFIER = com.SAP.FioriSwiftUITestAppUITests;
				PRODUCT_NAME = "$(TARGET_NAME)";
				SWIFT_VERSION = 5.0;
				TARGETED_DEVICE_FAMILY = "1,2";
				TEST_TARGET_NAME = FioriSwiftUITestApp;
			};
			name = Debug;
		};
		ABCD7CF124240A2B00F526BE /* Release */ = {
			isa = XCBuildConfiguration;
			buildSettings = {
				ALWAYS_EMBED_SWIFT_STANDARD_LIBRARIES = YES;
				CODE_SIGN_STYLE = Automatic;
				DEVELOPMENT_TEAM = 68K47G5VML;
				INFOPLIST_FILE = FioriSwiftUITestAppUITests/Info.plist;
				LD_RUNPATH_SEARCH_PATHS = (
					"$(inherited)",
					"@executable_path/Frameworks",
					"@loader_path/Frameworks",
				);
				PRODUCT_BUNDLE_IDENTIFIER = com.SAP.FioriSwiftUITestAppUITests;
				PRODUCT_NAME = "$(TARGET_NAME)";
				SWIFT_VERSION = 5.0;
				TARGETED_DEVICE_FAMILY = "1,2";
				TEST_TARGET_NAME = FioriSwiftUITestApp;
			};
			name = Release;
		};
/* End XCBuildConfiguration section */

/* Begin XCConfigurationList section */
		ABCD7CBA24240A2800F526BE /* Build configuration list for PBXProject "FioriSwiftUITestApp" */ = {
			isa = XCConfigurationList;
			buildConfigurations = (
				ABCD7CE724240A2B00F526BE /* Debug */,
				ABCD7CE824240A2B00F526BE /* Release */,
			);
			defaultConfigurationIsVisible = 0;
			defaultConfigurationName = Release;
		};
		ABCD7CE924240A2B00F526BE /* Build configuration list for PBXNativeTarget "FioriSwiftUITestApp" */ = {
			isa = XCConfigurationList;
			buildConfigurations = (
				ABCD7CEA24240A2B00F526BE /* Debug */,
				ABCD7CEB24240A2B00F526BE /* Release */,
			);
			defaultConfigurationIsVisible = 0;
			defaultConfigurationName = Release;
		};
		ABCD7CEC24240A2B00F526BE /* Build configuration list for PBXNativeTarget "FioriSwiftUITestAppTests" */ = {
			isa = XCConfigurationList;
			buildConfigurations = (
				ABCD7CED24240A2B00F526BE /* Debug */,
				ABCD7CEE24240A2B00F526BE /* Release */,
			);
			defaultConfigurationIsVisible = 0;
			defaultConfigurationName = Release;
		};
		ABCD7CEF24240A2B00F526BE /* Build configuration list for PBXNativeTarget "FioriSwiftUITestAppUITests" */ = {
			isa = XCConfigurationList;
			buildConfigurations = (
				ABCD7CF024240A2B00F526BE /* Debug */,
				ABCD7CF124240A2B00F526BE /* Release */,
			);
			defaultConfigurationIsVisible = 0;
			defaultConfigurationName = Release;
		};
/* End XCConfigurationList section */
	};
	rootObject = ABCD7CB724240A2800F526BE /* Project object */;
}
