// !$*UTF8*$!
{
	archiveVersion = 1;
	classes = {
	};
	objectVersion = 50;
	objects = {

/* Begin PBXBuildFile section */
		1B716F9123ECC5CC005982F7 /* FioriCharts.framework in Frameworks */ = {isa = PBXBuildFile; fileRef = 1B716F9023ECC5CC005982F7 /* FioriCharts.framework */; };
		1B716F9223ECC5CC005982F7 /* FioriCharts.framework in Embed Frameworks */ = {isa = PBXBuildFile; fileRef = 1B716F9023ECC5CC005982F7 /* FioriCharts.framework */; settings = {ATTRIBUTES = (CodeSignOnCopy, RemoveHeadersOnCopy, ); }; };
		B8220EA22416C94400D0437C /* SettingsAxis.swift in Sources */ = {isa = PBXBuildFile; fileRef = B8220EA12416C94400D0437C /* SettingsAxis.swift */; };
		B8220EA42416C95B00D0437C /* SettingsLine.swift in Sources */ = {isa = PBXBuildFile; fileRef = B8220EA32416C95B00D0437C /* SettingsLine.swift */; };
		B8220EA62416C97000D0437C /* SettingsLabel.swift in Sources */ = {isa = PBXBuildFile; fileRef = B8220EA52416C97000D0437C /* SettingsLabel.swift */; };
		B8220EA82416C99700D0437C /* Settings.swift in Sources */ = {isa = PBXBuildFile; fileRef = B8220EA72416C99700D0437C /* Settings.swift */; };
		B8220EAC2416FB2A00D0437C /* DetailView.swift in Sources */ = {isa = PBXBuildFile; fileRef = B8220EAB2416FB2A00D0437C /* DetailView.swift */; };
		B8220EB2241809DB00D0437C /* SettingsCategoryAxis.swift in Sources */ = {isa = PBXBuildFile; fileRef = B8220EB1241809DB00D0437C /* SettingsCategoryAxis.swift */; };
		B8220EB424184BA700D0437C /* SettingsPoint.swift in Sources */ = {isa = PBXBuildFile; fileRef = B8220EB324184BA700D0437C /* SettingsPoint.swift */; };
		B8220EE92419D6FB00D0437C /* Color+Extensions.swift in Sources */ = {isa = PBXBuildFile; fileRef = B8220EE82419D6FB00D0437C /* Color+Extensions.swift */; };
		B8220EEB241AA40F00D0437C /* SettingColor.swift in Sources */ = {isa = PBXBuildFile; fileRef = B8220EEA241AA40F00D0437C /* SettingColor.swift */; };
		B8220EED241AB90A00D0437C /* SettingsSeries.swift in Sources */ = {isa = PBXBuildFile; fileRef = B8220EEC241AB90A00D0437C /* SettingsSeries.swift */; };
		B8220EEF241ABA1800D0437C /* SettingsSelection.swift in Sources */ = {isa = PBXBuildFile; fileRef = B8220EEE241ABA1800D0437C /* SettingsSelection.swift */; };
		B8220F342421648B00D0437C /* SettingsBaseline.swift in Sources */ = {isa = PBXBuildFile; fileRef = B8220F332421648A00D0437C /* SettingsBaseline.swift */; };
		B8220F3624219F4400D0437C /* SettingsColorForCategory.swift in Sources */ = {isa = PBXBuildFile; fileRef = B8220F3524219F4400D0437C /* SettingsColorForCategory.swift */; };
		B83CD5C2245A436E00F1DC72 /* SettingsIndexSet.swift in Sources */ = {isa = PBXBuildFile; fileRef = B83CD5C1245A436E00F1DC72 /* SettingsIndexSet.swift */; };
		F6F9163623962B4400D091FF /* AppDelegate.swift in Sources */ = {isa = PBXBuildFile; fileRef = F6F9163523962B4400D091FF /* AppDelegate.swift */; };
		F6F9163823962B4400D091FF /* SceneDelegate.swift in Sources */ = {isa = PBXBuildFile; fileRef = F6F9163723962B4400D091FF /* SceneDelegate.swift */; };
		F6F9163A23962B4400D091FF /* ContentView.swift in Sources */ = {isa = PBXBuildFile; fileRef = F6F9163923962B4400D091FF /* ContentView.swift */; };
		F6F9163C23962B4700D091FF /* Assets.xcassets in Resources */ = {isa = PBXBuildFile; fileRef = F6F9163B23962B4700D091FF /* Assets.xcassets */; };
		F6F9163F23962B4700D091FF /* Preview Assets.xcassets in Resources */ = {isa = PBXBuildFile; fileRef = F6F9163E23962B4700D091FF /* Preview Assets.xcassets */; };
		F6F9164223962B4700D091FF /* LaunchScreen.storyboard in Resources */ = {isa = PBXBuildFile; fileRef = F6F9164023962B4700D091FF /* LaunchScreen.storyboard */; };
/* End PBXBuildFile section */

/* Begin PBXCopyFilesBuildPhase section */
		B89321FF23DA54AA004F9BD7 /* Embed Frameworks */ = {
			isa = PBXCopyFilesBuildPhase;
			buildActionMask = 2147483647;
			dstPath = "";
			dstSubfolderSpec = 10;
			files = (
				1B716F9223ECC5CC005982F7 /* FioriCharts.framework in Embed Frameworks */,
			);
			name = "Embed Frameworks";
			runOnlyForDeploymentPostprocessing = 0;
		};
/* End PBXCopyFilesBuildPhase section */

/* Begin PBXFileReference section */
		1B716F9023ECC5CC005982F7 /* FioriCharts.framework */ = {isa = PBXFileReference; lastKnownFileType = wrapper.framework; path = FioriCharts.framework; sourceTree = BUILT_PRODUCTS_DIR; };
		B8220EA12416C94400D0437C /* SettingsAxis.swift */ = {isa = PBXFileReference; lastKnownFileType = sourcecode.swift; path = SettingsAxis.swift; sourceTree = "<group>"; };
		B8220EA32416C95B00D0437C /* SettingsLine.swift */ = {isa = PBXFileReference; lastKnownFileType = sourcecode.swift; path = SettingsLine.swift; sourceTree = "<group>"; };
		B8220EA52416C97000D0437C /* SettingsLabel.swift */ = {isa = PBXFileReference; lastKnownFileType = sourcecode.swift; path = SettingsLabel.swift; sourceTree = "<group>"; };
		B8220EA72416C99700D0437C /* Settings.swift */ = {isa = PBXFileReference; lastKnownFileType = sourcecode.swift; path = Settings.swift; sourceTree = "<group>"; };
		B8220EAB2416FB2A00D0437C /* DetailView.swift */ = {isa = PBXFileReference; lastKnownFileType = sourcecode.swift; path = DetailView.swift; sourceTree = "<group>"; };
		B8220EB1241809DB00D0437C /* SettingsCategoryAxis.swift */ = {isa = PBXFileReference; lastKnownFileType = sourcecode.swift; path = SettingsCategoryAxis.swift; sourceTree = "<group>"; };
		B8220EB324184BA700D0437C /* SettingsPoint.swift */ = {isa = PBXFileReference; lastKnownFileType = sourcecode.swift; path = SettingsPoint.swift; sourceTree = "<group>"; };
		B8220EE82419D6FB00D0437C /* Color+Extensions.swift */ = {isa = PBXFileReference; lastKnownFileType = sourcecode.swift; path = "Color+Extensions.swift"; sourceTree = "<group>"; };
		B8220EEA241AA40F00D0437C /* SettingColor.swift */ = {isa = PBXFileReference; lastKnownFileType = sourcecode.swift; path = SettingColor.swift; sourceTree = "<group>"; };
		B8220EEC241AB90A00D0437C /* SettingsSeries.swift */ = {isa = PBXFileReference; lastKnownFileType = sourcecode.swift; path = SettingsSeries.swift; sourceTree = "<group>"; };
		B8220EEE241ABA1800D0437C /* SettingsSelection.swift */ = {isa = PBXFileReference; lastKnownFileType = sourcecode.swift; path = SettingsSelection.swift; sourceTree = "<group>"; };
		B8220F332421648A00D0437C /* SettingsBaseline.swift */ = {isa = PBXFileReference; lastKnownFileType = sourcecode.swift; path = SettingsBaseline.swift; sourceTree = "<group>"; };
		B8220F3524219F4400D0437C /* SettingsColorForCategory.swift */ = {isa = PBXFileReference; lastKnownFileType = sourcecode.swift; path = SettingsColorForCategory.swift; sourceTree = "<group>"; };
		B83CD5C1245A436E00F1DC72 /* SettingsIndexSet.swift */ = {isa = PBXFileReference; lastKnownFileType = sourcecode.swift; path = SettingsIndexSet.swift; sourceTree = "<group>"; };
		B84527E223D1220400CD3A93 /* Micro Charts.entitlements */ = {isa = PBXFileReference; lastKnownFileType = text.plist.entitlements; path = "Micro Charts.entitlements"; sourceTree = "<group>"; };
		F6F9163223962B4400D091FF /* Micro Charts.app */ = {isa = PBXFileReference; explicitFileType = wrapper.application; includeInIndex = 0; path = "Micro Charts.app"; sourceTree = BUILT_PRODUCTS_DIR; };
		F6F9163523962B4400D091FF /* AppDelegate.swift */ = {isa = PBXFileReference; lastKnownFileType = sourcecode.swift; path = AppDelegate.swift; sourceTree = "<group>"; };
		F6F9163723962B4400D091FF /* SceneDelegate.swift */ = {isa = PBXFileReference; lastKnownFileType = sourcecode.swift; path = SceneDelegate.swift; sourceTree = "<group>"; };
		F6F9163923962B4400D091FF /* ContentView.swift */ = {isa = PBXFileReference; lastKnownFileType = sourcecode.swift; path = ContentView.swift; sourceTree = "<group>"; };
		F6F9163B23962B4700D091FF /* Assets.xcassets */ = {isa = PBXFileReference; lastKnownFileType = folder.assetcatalog; path = Assets.xcassets; sourceTree = "<group>"; };
		F6F9163E23962B4700D091FF /* Preview Assets.xcassets */ = {isa = PBXFileReference; lastKnownFileType = folder.assetcatalog; path = "Preview Assets.xcassets"; sourceTree = "<group>"; };
		F6F9164123962B4700D091FF /* Base */ = {isa = PBXFileReference; lastKnownFileType = file.storyboard; name = Base; path = Base.lproj/LaunchScreen.storyboard; sourceTree = "<group>"; };
		F6F9164323962B4700D091FF /* Info.plist */ = {isa = PBXFileReference; lastKnownFileType = text.plist.xml; path = Info.plist; sourceTree = "<group>"; };
/* End PBXFileReference section */

/* Begin PBXFrameworksBuildPhase section */
		F6F9162F23962B4400D091FF /* Frameworks */ = {
			isa = PBXFrameworksBuildPhase;
			buildActionMask = 2147483647;
			files = (
				1B716F9123ECC5CC005982F7 /* FioriCharts.framework in Frameworks */,
			);
			runOnlyForDeploymentPostprocessing = 0;
		};
/* End PBXFrameworksBuildPhase section */

/* Begin PBXGroup section */
		B89321FB23DA54A9004F9BD7 /* Frameworks */ = {
			isa = PBXGroup;
			children = (
				1B716F9023ECC5CC005982F7 /* FioriCharts.framework */,
			);
			name = Frameworks;
			sourceTree = "<group>";
		};
		F6F9162923962B4400D091FF = {
			isa = PBXGroup;
			children = (
				F6F9163423962B4400D091FF /* Micro Charts */,
				F6F9163323962B4400D091FF /* Products */,
				B89321FB23DA54A9004F9BD7 /* Frameworks */,
			);
			sourceTree = "<group>";
		};
		F6F9163323962B4400D091FF /* Products */ = {
			isa = PBXGroup;
			children = (
				F6F9163223962B4400D091FF /* Micro Charts.app */,
			);
			name = Products;
			sourceTree = "<group>";
		};
		F6F9163423962B4400D091FF /* Micro Charts */ = {
			isa = PBXGroup;
			children = (
				B84527E223D1220400CD3A93 /* Micro Charts.entitlements */,
				F6F9163923962B4400D091FF /* ContentView.swift */,
				B8220EAB2416FB2A00D0437C /* DetailView.swift */,
				B8220EA72416C99700D0437C /* Settings.swift */,
				B83CD5C1245A436E00F1DC72 /* SettingsIndexSet.swift */,
				B8220EEE241ABA1800D0437C /* SettingsSelection.swift */,
				B8220EEC241AB90A00D0437C /* SettingsSeries.swift */,
				B8220F3524219F4400D0437C /* SettingsColorForCategory.swift */,
				B8220EA12416C94400D0437C /* SettingsAxis.swift */,
				B8220EB1241809DB00D0437C /* SettingsCategoryAxis.swift */,
				B8220EB324184BA700D0437C /* SettingsPoint.swift */,
				B8220EA32416C95B00D0437C /* SettingsLine.swift */,
				B8220F332421648A00D0437C /* SettingsBaseline.swift */,
				B8220EEA241AA40F00D0437C /* SettingColor.swift */,
				B8220EA52416C97000D0437C /* SettingsLabel.swift */,
				F6F9163523962B4400D091FF /* AppDelegate.swift */,
				B8220EE82419D6FB00D0437C /* Color+Extensions.swift */,
				F6F9163B23962B4700D091FF /* Assets.xcassets */,
				F6F9164323962B4700D091FF /* Info.plist */,
				F6F9164023962B4700D091FF /* LaunchScreen.storyboard */,
				F6F9163D23962B4700D091FF /* Preview Content */,
				F6F9163723962B4400D091FF /* SceneDelegate.swift */,
			);
			path = "Micro Charts";
			sourceTree = "<group>";
		};
		F6F9163D23962B4700D091FF /* Preview Content */ = {
			isa = PBXGroup;
			children = (
				F6F9163E23962B4700D091FF /* Preview Assets.xcassets */,
			);
			path = "Preview Content";
			sourceTree = "<group>";
		};
/* End PBXGroup section */

/* Begin PBXNativeTarget section */
		F6F9163123962B4400D091FF /* Micro Charts */ = {
			isa = PBXNativeTarget;
			buildConfigurationList = F6F9164623962B4700D091FF /* Build configuration list for PBXNativeTarget "Micro Charts" */;
			buildPhases = (
				F6F9162E23962B4400D091FF /* Sources */,
				F6F9162F23962B4400D091FF /* Frameworks */,
				F6F9163023962B4400D091FF /* Resources */,
				B89321FF23DA54AA004F9BD7 /* Embed Frameworks */,
			);
			buildRules = (
			);
			dependencies = (
			);
			name = "Micro Charts";
			packageProductDependencies = (
			);
			productName = "Micro Charts";
			productReference = F6F9163223962B4400D091FF /* Micro Charts.app */;
			productType = "com.apple.product-type.application";
		};
/* End PBXNativeTarget section */

/* Begin PBXProject section */
		F6F9162A23962B4400D091FF /* Project object */ = {
			isa = PBXProject;
			attributes = {
				LastSwiftUpdateCheck = 1120;
				LastUpgradeCheck = 1120;
				ORGANIZATIONNAME = sstadelman;
				TargetAttributes = {
					F6F9163123962B4400D091FF = {
						CreatedOnToolsVersion = 11.2.1;
					};
				};
			};
			buildConfigurationList = F6F9162D23962B4400D091FF /* Build configuration list for PBXProject "Micro Charts" */;
			compatibilityVersion = "Xcode 9.3";
			developmentRegion = en;
			hasScannedForEncodings = 0;
			knownRegions = (
				en,
				Base,
			);
			mainGroup = F6F9162923962B4400D091FF;
			packageReferences = (
			);
			productRefGroup = F6F9163323962B4400D091FF /* Products */;
			projectDirPath = "";
			projectRoot = "";
			targets = (
				F6F9163123962B4400D091FF /* Micro Charts */,
			);
		};
/* End PBXProject section */

/* Begin PBXResourcesBuildPhase section */
		F6F9163023962B4400D091FF /* Resources */ = {
			isa = PBXResourcesBuildPhase;
			buildActionMask = 2147483647;
			files = (
				F6F9164223962B4700D091FF /* LaunchScreen.storyboard in Resources */,
				F6F9163F23962B4700D091FF /* Preview Assets.xcassets in Resources */,
				F6F9163C23962B4700D091FF /* Assets.xcassets in Resources */,
			);
			runOnlyForDeploymentPostprocessing = 0;
		};
/* End PBXResourcesBuildPhase section */

/* Begin PBXSourcesBuildPhase section */
		F6F9162E23962B4400D091FF /* Sources */ = {
			isa = PBXSourcesBuildPhase;
			buildActionMask = 2147483647;
			files = (
				B8220EB424184BA700D0437C /* SettingsPoint.swift in Sources */,
				B8220EA62416C97000D0437C /* SettingsLabel.swift in Sources */,
				B8220EEB241AA40F00D0437C /* SettingColor.swift in Sources */,
				B8220EAC2416FB2A00D0437C /* DetailView.swift in Sources */,
				B8220EA22416C94400D0437C /* SettingsAxis.swift in Sources */,
				B8220F342421648B00D0437C /* SettingsBaseline.swift in Sources */,
				B8220EA82416C99700D0437C /* Settings.swift in Sources */,
				B83CD5C2245A436E00F1DC72 /* SettingsIndexSet.swift in Sources */,
				F6F9163623962B4400D091FF /* AppDelegate.swift in Sources */,
				B8220EEF241ABA1800D0437C /* SettingsSelection.swift in Sources */,
				F6F9163823962B4400D091FF /* SceneDelegate.swift in Sources */,
				B8220EB2241809DB00D0437C /* SettingsCategoryAxis.swift in Sources */,
				B8220EA42416C95B00D0437C /* SettingsLine.swift in Sources */,
				B8220EED241AB90A00D0437C /* SettingsSeries.swift in Sources */,
				F6F9163A23962B4400D091FF /* ContentView.swift in Sources */,
				B8220F3624219F4400D0437C /* SettingsColorForCategory.swift in Sources */,
				B8220EE92419D6FB00D0437C /* Color+Extensions.swift in Sources */,
			);
			runOnlyForDeploymentPostprocessing = 0;
		};
/* End PBXSourcesBuildPhase section */

/* Begin PBXVariantGroup section */
		F6F9164023962B4700D091FF /* LaunchScreen.storyboard */ = {
			isa = PBXVariantGroup;
			children = (
				F6F9164123962B4700D091FF /* Base */,
			);
			name = LaunchScreen.storyboard;
			sourceTree = "<group>";
		};
/* End PBXVariantGroup section */

/* Begin XCBuildConfiguration section */
		F6F9164423962B4700D091FF /* Debug */ = {
			isa = XCBuildConfiguration;
			buildSettings = {
				ALWAYS_SEARCH_USER_PATHS = NO;
				CLANG_ANALYZER_NONNULL = YES;
				CLANG_ANALYZER_NUMBER_OBJECT_CONVERSION = YES_AGGRESSIVE;
				CLANG_CXX_LANGUAGE_STANDARD = "gnu++14";
				CLANG_CXX_LIBRARY = "libc++";
				CLANG_ENABLE_MODULES = YES;
				CLANG_ENABLE_OBJC_ARC = YES;
				CLANG_ENABLE_OBJC_WEAK = YES;
				CLANG_WARN_BLOCK_CAPTURE_AUTORELEASING = YES;
				CLANG_WARN_BOOL_CONVERSION = YES;
				CLANG_WARN_COMMA = YES;
				CLANG_WARN_CONSTANT_CONVERSION = YES;
				CLANG_WARN_DEPRECATED_OBJC_IMPLEMENTATIONS = YES;
				CLANG_WARN_DIRECT_OBJC_ISA_USAGE = YES_ERROR;
				CLANG_WARN_DOCUMENTATION_COMMENTS = YES;
				CLANG_WARN_EMPTY_BODY = YES;
				CLANG_WARN_ENUM_CONVERSION = YES;
				CLANG_WARN_INFINITE_RECURSION = YES;
				CLANG_WARN_INT_CONVERSION = YES;
				CLANG_WARN_NON_LITERAL_NULL_CONVERSION = YES;
				CLANG_WARN_OBJC_IMPLICIT_RETAIN_SELF = YES;
				CLANG_WARN_OBJC_LITERAL_CONVERSION = YES;
				CLANG_WARN_OBJC_ROOT_CLASS = YES_ERROR;
				CLANG_WARN_RANGE_LOOP_ANALYSIS = YES;
				CLANG_WARN_STRICT_PROTOTYPES = YES;
				CLANG_WARN_SUSPICIOUS_MOVE = YES;
				CLANG_WARN_UNGUARDED_AVAILABILITY = YES_AGGRESSIVE;
				CLANG_WARN_UNREACHABLE_CODE = YES;
				CLANG_WARN__DUPLICATE_METHOD_MATCH = YES;
				COPY_PHASE_STRIP = NO;
				DEBUG_INFORMATION_FORMAT = dwarf;
				ENABLE_STRICT_OBJC_MSGSEND = YES;
				ENABLE_TESTABILITY = YES;
				GCC_C_LANGUAGE_STANDARD = gnu11;
				GCC_DYNAMIC_NO_PIC = NO;
				GCC_NO_COMMON_BLOCKS = YES;
				GCC_OPTIMIZATION_LEVEL = 0;
				GCC_PREPROCESSOR_DEFINITIONS = (
					"DEBUG=1",
					"$(inherited)",
				);
				GCC_WARN_64_TO_32_BIT_CONVERSION = YES;
				GCC_WARN_ABOUT_RETURN_TYPE = YES_ERROR;
				GCC_WARN_UNDECLARED_SELECTOR = YES;
				GCC_WARN_UNINITIALIZED_AUTOS = YES_AGGRESSIVE;
				GCC_WARN_UNUSED_FUNCTION = YES;
				GCC_WARN_UNUSED_VARIABLE = YES;
				IPHONEOS_DEPLOYMENT_TARGET = 13.2;
				MTL_ENABLE_DEBUG_INFO = INCLUDE_SOURCE;
				MTL_FAST_MATH = YES;
				ONLY_ACTIVE_ARCH = YES;
				SDKROOT = iphoneos;
				SWIFT_ACTIVE_COMPILATION_CONDITIONS = DEBUG;
				SWIFT_OPTIMIZATION_LEVEL = "-Onone";
			};
			name = Debug;
		};
		F6F9164523962B4700D091FF /* Release */ = {
			isa = XCBuildConfiguration;
			buildSettings = {
				ALWAYS_SEARCH_USER_PATHS = NO;
				CLANG_ANALYZER_NONNULL = YES;
				CLANG_ANALYZER_NUMBER_OBJECT_CONVERSION = YES_AGGRESSIVE;
				CLANG_CXX_LANGUAGE_STANDARD = "gnu++14";
				CLANG_CXX_LIBRARY = "libc++";
				CLANG_ENABLE_MODULES = YES;
				CLANG_ENABLE_OBJC_ARC = YES;
				CLANG_ENABLE_OBJC_WEAK = YES;
				CLANG_WARN_BLOCK_CAPTURE_AUTORELEASING = YES;
				CLANG_WARN_BOOL_CONVERSION = YES;
				CLANG_WARN_COMMA = YES;
				CLANG_WARN_CONSTANT_CONVERSION = YES;
				CLANG_WARN_DEPRECATED_OBJC_IMPLEMENTATIONS = YES;
				CLANG_WARN_DIRECT_OBJC_ISA_USAGE = YES_ERROR;
				CLANG_WARN_DOCUMENTATION_COMMENTS = YES;
				CLANG_WARN_EMPTY_BODY = YES;
				CLANG_WARN_ENUM_CONVERSION = YES;
				CLANG_WARN_INFINITE_RECURSION = YES;
				CLANG_WARN_INT_CONVERSION = YES;
				CLANG_WARN_NON_LITERAL_NULL_CONVERSION = YES;
				CLANG_WARN_OBJC_IMPLICIT_RETAIN_SELF = YES;
				CLANG_WARN_OBJC_LITERAL_CONVERSION = YES;
				CLANG_WARN_OBJC_ROOT_CLASS = YES_ERROR;
				CLANG_WARN_RANGE_LOOP_ANALYSIS = YES;
				CLANG_WARN_STRICT_PROTOTYPES = YES;
				CLANG_WARN_SUSPICIOUS_MOVE = YES;
				CLANG_WARN_UNGUARDED_AVAILABILITY = YES_AGGRESSIVE;
				CLANG_WARN_UNREACHABLE_CODE = YES;
				CLANG_WARN__DUPLICATE_METHOD_MATCH = YES;
				COPY_PHASE_STRIP = NO;
				DEBUG_INFORMATION_FORMAT = "dwarf-with-dsym";
				ENABLE_NS_ASSERTIONS = NO;
				ENABLE_STRICT_OBJC_MSGSEND = YES;
				GCC_C_LANGUAGE_STANDARD = gnu11;
				GCC_NO_COMMON_BLOCKS = YES;
				GCC_WARN_64_TO_32_BIT_CONVERSION = YES;
				GCC_WARN_ABOUT_RETURN_TYPE = YES_ERROR;
				GCC_WARN_UNDECLARED_SELECTOR = YES;
				GCC_WARN_UNINITIALIZED_AUTOS = YES_AGGRESSIVE;
				GCC_WARN_UNUSED_FUNCTION = YES;
				GCC_WARN_UNUSED_VARIABLE = YES;
				IPHONEOS_DEPLOYMENT_TARGET = 13.2;
				MTL_ENABLE_DEBUG_INFO = NO;
				MTL_FAST_MATH = YES;
				SDKROOT = iphoneos;
				SWIFT_COMPILATION_MODE = wholemodule;
				SWIFT_OPTIMIZATION_LEVEL = "-O";
				VALIDATE_PRODUCT = YES;
			};
			name = Release;
		};
		F6F9164723962B4700D091FF /* Debug */ = {
			isa = XCBuildConfiguration;
			buildSettings = {
				ASSETCATALOG_COMPILER_APPICON_NAME = AppIcon;
				CODE_SIGN_ENTITLEMENTS = "Micro Charts/Micro Charts.entitlements";
				CODE_SIGN_IDENTITY = "Apple Development";
				"CODE_SIGN_IDENTITY[sdk=macosx*]" = "-";
				CODE_SIGN_STYLE = Automatic;
				DEVELOPMENT_ASSET_PATHS = "\"Micro Charts/Preview Content\"";
				DEVELOPMENT_TEAM = "";
				ENABLE_PREVIEWS = YES;
				INFOPLIST_FILE = "Micro Charts/Info.plist";
				LD_RUNPATH_SEARCH_PATHS = (
					"$(inherited)",
					"@executable_path/Frameworks",
				);
				PRODUCT_BUNDLE_IDENTIFIER = "com.sstadelman.Micro-Charts";
				PRODUCT_NAME = "$(TARGET_NAME)";
				PROVISIONING_PROFILE_SPECIFIER = "";
				"PROVISIONING_PROFILE_SPECIFIER[sdk=macosx*]" = "";
				SUPPORTS_MACCATALYST = NO;
				SWIFT_VERSION = 5.0;
				TARGETED_DEVICE_FAMILY = "1,2";
			};
			name = Debug;
		};
		F6F9164823962B4700D091FF /* Release */ = {
			isa = XCBuildConfiguration;
			buildSettings = {
				ASSETCATALOG_COMPILER_APPICON_NAME = AppIcon;
				CODE_SIGN_ENTITLEMENTS = "Micro Charts/Micro Charts.entitlements";
				CODE_SIGN_IDENTITY = "Apple Development";
				"CODE_SIGN_IDENTITY[sdk=macosx*]" = "-";
				CODE_SIGN_STYLE = Automatic;
				DEVELOPMENT_ASSET_PATHS = "\"Micro Charts/Preview Content\"";
				DEVELOPMENT_TEAM = "";
				ENABLE_PREVIEWS = YES;
				INFOPLIST_FILE = "Micro Charts/Info.plist";
				LD_RUNPATH_SEARCH_PATHS = (
					"$(inherited)",
					"@executable_path/Frameworks",
				);
				PRODUCT_BUNDLE_IDENTIFIER = "com.sstadelman.Micro-Charts";
				PRODUCT_NAME = "$(TARGET_NAME)";
				PROVISIONING_PROFILE_SPECIFIER = "";
				"PROVISIONING_PROFILE_SPECIFIER[sdk=macosx*]" = "";
				SUPPORTS_MACCATALYST = NO;
				SWIFT_VERSION = 5.0;
				TARGETED_DEVICE_FAMILY = "1,2";
			};
			name = Release;
		};
/* End XCBuildConfiguration section */

/* Begin XCConfigurationList section */
		F6F9162D23962B4400D091FF /* Build configuration list for PBXProject "Micro Charts" */ = {
			isa = XCConfigurationList;
			buildConfigurations = (
				F6F9164423962B4700D091FF /* Debug */,
				F6F9164523962B4700D091FF /* Release */,
			);
			defaultConfigurationIsVisible = 0;
			defaultConfigurationName = Release;
		};
		F6F9164623962B4700D091FF /* Build configuration list for PBXNativeTarget "Micro Charts" */ = {
			isa = XCConfigurationList;
			buildConfigurations = (
				F6F9164723962B4700D091FF /* Debug */,
				F6F9164823962B4700D091FF /* Release */,
			);
			defaultConfigurationIsVisible = 0;
			defaultConfigurationName = Release;
		};
/* End XCConfigurationList section */
	};
	rootObject = F6F9162A23962B4400D091FF /* Project object */;
}
