// !$*UTF8*$!
{
	archiveVersion = 1;
	classes = {
	};
	objectVersion = 54;
	objects = {

/* Begin PBXBuildFile section */
		108E43D5292DAB7C006532F3 /* EmptyStateViewExample.swift in Sources */ = {isa = PBXBuildFile; fileRef = 108E43D4292DAB7C006532F3 /* EmptyStateViewExample.swift */; };
		1F26DCFA261A5CD9006C43B1 /* FioriButtonContentView.swift in Sources */ = {isa = PBXBuildFile; fileRef = 1F26DCF9261A5CD9006C43B1 /* FioriButtonContentView.swift */; };
		1F3C92F125DF12C100A99A07 /* ListPicker.swift in Sources */ = {isa = PBXBuildFile; fileRef = 1F3C92F025DF12C100A99A07 /* ListPicker.swift */; };
		1F55FEF32AC941FF00D7A1BE /* View+Extensions.swift in Sources */ = {isa = PBXBuildFile; fileRef = 1F55FEF22AC941FF00D7A1BE /* View+Extensions.swift */; };
		1F60179729A8439A00DBDCDE /* WatchExamplesApp.swift in Sources */ = {isa = PBXBuildFile; fileRef = 1F60179629A8439A00DBDCDE /* WatchExamplesApp.swift */; };
		1F60179929A8439A00DBDCDE /* ContentView.swift in Sources */ = {isa = PBXBuildFile; fileRef = 1F60179829A8439A00DBDCDE /* ContentView.swift */; };
		1F60179B29A8439C00DBDCDE /* Assets.xcassets in Resources */ = {isa = PBXBuildFile; fileRef = 1F60179A29A8439C00DBDCDE /* Assets.xcassets */; };
		1F60179E29A8439C00DBDCDE /* Preview Assets.xcassets in Resources */ = {isa = PBXBuildFile; fileRef = 1F60179D29A8439C00DBDCDE /* Preview Assets.xcassets */; };
		1F6017A129A8439C00DBDCDE /* WatchExamples Watch App.app in Embed Watch Content */ = {isa = PBXBuildFile; fileRef = 1F60179429A8439A00DBDCDE /* WatchExamples Watch App.app */; settings = {ATTRIBUTES = (RemoveHeadersOnCopy, ); }; };
		1F6017A729A8450E00DBDCDE /* FioriThemeManager in Frameworks */ = {isa = PBXBuildFile; productRef = 1F6017A629A8450E00DBDCDE /* FioriThemeManager */; };
		1F6017A829A8450E00DBDCDE /* FioriThemeManager in Embed Frameworks */ = {isa = PBXBuildFile; productRef = 1F6017A629A8450E00DBDCDE /* FioriThemeManager */; settings = {ATTRIBUTES = (CodeSignOnCopy, ); }; };
		1F6017AD29A8481A00DBDCDE /* Colors.swift in Sources */ = {isa = PBXBuildFile; fileRef = 8A6DE30A28DD27F9003222E3 /* Colors.swift */; };
		1F90888C261A59820015A84D /* FioriButtonExample.swift in Sources */ = {isa = PBXBuildFile; fileRef = 1F90888B261A59820015A84D /* FioriButtonExample.swift */; };
		1FC30412270540FB004BEE00 /* 72-Fonts.swift in Sources */ = {isa = PBXBuildFile; fileRef = 1FC30411270540FB004BEE00 /* 72-Fonts.swift */; };
		1FC30414270541BF004BEE00 /* FioriThemeManagerContentView.swift in Sources */ = {isa = PBXBuildFile; fileRef = 1FC30413270541BF004BEE00 /* FioriThemeManagerContentView.swift */; };
		1FF3662E264C662A00AB8BD8 /* DimensionSelector+Chart.swift in Sources */ = {isa = PBXBuildFile; fileRef = 1FF3662D264C662A00AB8BD8 /* DimensionSelector+Chart.swift */; };
		691DE21925F2A30B00094D4A /* KPIViewExample.swift in Sources */ = {isa = PBXBuildFile; fileRef = 691DE21825F2A30B00094D4A /* KPIViewExample.swift */; };
		692F338B26556A6A009B98DA /* SideBarExample.swift in Sources */ = {isa = PBXBuildFile; fileRef = 692F338A26556A6A009B98DA /* SideBarExample.swift */; };
		69B2B5D9268A333C009AC6B3 /* KPIProgressViewExample.swift in Sources */ = {isa = PBXBuildFile; fileRef = 69B2B5D8268A333C009AC6B3 /* KPIProgressViewExample.swift */; };
		8A55795724C1286E0098003A /* AppDelegate.swift in Sources */ = {isa = PBXBuildFile; fileRef = 8A55795624C1286E0098003A /* AppDelegate.swift */; };
		8A55795924C1286E0098003A /* SceneDelegate.swift in Sources */ = {isa = PBXBuildFile; fileRef = 8A55795824C1286E0098003A /* SceneDelegate.swift */; };
		8A55795B24C1286E0098003A /* ContentView.swift in Sources */ = {isa = PBXBuildFile; fileRef = 8A55795A24C1286E0098003A /* ContentView.swift */; };
		8A55796024C1286F0098003A /* Preview Assets.xcassets in Resources */ = {isa = PBXBuildFile; fileRef = 8A55795F24C1286F0098003A /* Preview Assets.xcassets */; };
		8A55796324C1286F0098003A /* LaunchScreen.storyboard in Resources */ = {isa = PBXBuildFile; fileRef = 8A55796124C1286F0098003A /* LaunchScreen.storyboard */; };
		8A5579CC24C1293C0098003A /* SettingsColorForCategory.swift in Sources */ = {isa = PBXBuildFile; fileRef = 8A55797A24C1293C0098003A /* SettingsColorForCategory.swift */; };
		8A5579CD24C1293C0098003A /* SettingsLabel.swift in Sources */ = {isa = PBXBuildFile; fileRef = 8A55797B24C1293C0098003A /* SettingsLabel.swift */; };
		8A5579CE24C1293C0098003A /* SettingColor.swift in Sources */ = {isa = PBXBuildFile; fileRef = 8A55797C24C1293C0098003A /* SettingColor.swift */; };
		8A5579CF24C1293C0098003A /* SettingsAxis.swift in Sources */ = {isa = PBXBuildFile; fileRef = 8A55797D24C1293C0098003A /* SettingsAxis.swift */; };
		8A5579D024C1293C0098003A /* SettingsLine.swift in Sources */ = {isa = PBXBuildFile; fileRef = 8A55797E24C1293C0098003A /* SettingsLine.swift */; };
		8A5579D124C1293C0098003A /* Settings.swift in Sources */ = {isa = PBXBuildFile; fileRef = 8A55797F24C1293C0098003A /* Settings.swift */; };
		8A5579D224C1293C0098003A /* Color+Extensions.swift in Sources */ = {isa = PBXBuildFile; fileRef = 8A55798024C1293C0098003A /* Color+Extensions.swift */; };
		8A5579D324C1293C0098003A /* SettingsPoint.swift in Sources */ = {isa = PBXBuildFile; fileRef = 8A55798124C1293C0098003A /* SettingsPoint.swift */; };
		8A5579D424C1293C0098003A /* SettingsBaseline.swift in Sources */ = {isa = PBXBuildFile; fileRef = 8A55798224C1293C0098003A /* SettingsBaseline.swift */; };
		8A5579D524C1293C0098003A /* SettingsSeries.swift in Sources */ = {isa = PBXBuildFile; fileRef = 8A55798324C1293C0098003A /* SettingsSeries.swift */; };
		8A5579D724C1293C0098003A /* SettingsCategoryAxis.swift in Sources */ = {isa = PBXBuildFile; fileRef = 8A55798524C1293C0098003A /* SettingsCategoryAxis.swift */; };
		8A5579D824C1293C0098003A /* SettingsIndexSet.swift in Sources */ = {isa = PBXBuildFile; fileRef = 8A55798624C1293C0098003A /* SettingsIndexSet.swift */; };
		8A5579D924C1293C0098003A /* SettingsSelection.swift in Sources */ = {isa = PBXBuildFile; fileRef = 8A55798724C1293C0098003A /* SettingsSelection.swift */; };
		8A557A1A24C12C820098003A /* ChartsContentView.swift in Sources */ = {isa = PBXBuildFile; fileRef = 8A557A1924C12C820098003A /* ChartsContentView.swift */; };
		8A557A2224C12C9B0098003A /* CoreContentView.swift in Sources */ = {isa = PBXBuildFile; fileRef = 8A557A2124C12C9B0098003A /* CoreContentView.swift */; };
		8A557A2424C12F380098003A /* ChartDetailView.swift in Sources */ = {isa = PBXBuildFile; fileRef = 8A557A2324C12F380098003A /* ChartDetailView.swift */; };
		8A6D64B125AE658300D2D76C /* ExpHeaderView.swift in Sources */ = {isa = PBXBuildFile; fileRef = 8A6D64B025AE658300D2D76C /* ExpHeaderView.swift */; };
		8A6D64BA25AE714100D2D76C /* ExampleHighlightingStyle.swift in Sources */ = {isa = PBXBuildFile; fileRef = 8A6D64B925AE714100D2D76C /* ExampleHighlightingStyle.swift */; };
		8A6D64BF25AE7A6D00D2D76C /* ExperimentalContentView.swift in Sources */ = {isa = PBXBuildFile; fileRef = 8A6D64BE25AE7A6D00D2D76C /* ExperimentalContentView.swift */; };
		8A6DE30B28DD27F9003222E3 /* Colors.swift in Sources */ = {isa = PBXBuildFile; fileRef = 8A6DE30A28DD27F9003222E3 /* Colors.swift */; };
		8A7F248125A68C5B003F19FF /* FioriSwiftUI in Embed Frameworks */ = {isa = PBXBuildFile; productRef = 8A4A31B824E3564F00B63AF0 /* FioriSwiftUI */; settings = {ATTRIBUTES = (CodeSignOnCopy, ); }; };
		8AB6C01428DF6583002F32BE /* LazyView.swift in Sources */ = {isa = PBXBuildFile; fileRef = 8AB6C01328DF6583002F32BE /* LazyView.swift */; };
		8ACBFA1424F7F011009233DE /* FioriSwiftUI in Frameworks */ = {isa = PBXBuildFile; productRef = 8A4A31B824E3564F00B63AF0 /* FioriSwiftUI */; };
		8AD9DFB025D49967007448EC /* ContactItemActionItemsExample.swift in Sources */ = {isa = PBXBuildFile; fileRef = 8AD9DFA525D49967007448EC /* ContactItemActionItemsExample.swift */; };
		8AD9DFB125D49967007448EC /* ContactItemStateAndDataBindingExample.swift in Sources */ = {isa = PBXBuildFile; fileRef = 8AD9DFA625D49967007448EC /* ContactItemStateAndDataBindingExample.swift */; };
		8AD9DFB225D49967007448EC /* StylingModifierExample.swift in Sources */ = {isa = PBXBuildFile; fileRef = 8AD9DFA725D49967007448EC /* StylingModifierExample.swift */; };
		8AD9DFB325D49967007448EC /* ContactItemInitModelExample.swift in Sources */ = {isa = PBXBuildFile; fileRef = 8AD9DFA825D49967007448EC /* ContactItemInitModelExample.swift */; };
		8AD9DFB425D49967007448EC /* ContactItemInitViewBuilderExample.swift in Sources */ = {isa = PBXBuildFile; fileRef = 8AD9DFA925D49967007448EC /* ContactItemInitViewBuilderExample.swift */; };
		975CB76B256C5A7400DB7A15 /* SignatureCaptureViewExample.swift in Sources */ = {isa = PBXBuildFile; fileRef = 975CB76A256C5A7400DB7A15 /* SignatureCaptureViewExample.swift */; };
		993A122E26A726AC0018028B /* PrivacyText.html in Resources */ = {isa = PBXBuildFile; fileRef = 993A122C26A726AC0018028B /* PrivacyText.html */; };
		993A122F26A726AC0018028B /* PrivacyText.rtf in Resources */ = {isa = PBXBuildFile; fileRef = 993A122D26A726AC0018028B /* PrivacyText.rtf */; };
		993B55BE29DF7EC70002B065 /* IconLibraryExample.swift in Sources */ = {isa = PBXBuildFile; fileRef = 993B55BD29DF7EC70002B065 /* IconLibraryExample.swift */; };
		99942D572616980A001912C5 /* OnboardingExamples.swift in Sources */ = {isa = PBXBuildFile; fileRef = 99942D562616980A001912C5 /* OnboardingExamples.swift */; };
		99942D59261698FC001912C5 /* InfoViewSample.swift in Sources */ = {isa = PBXBuildFile; fileRef = 99942D58261698FC001912C5 /* InfoViewSample.swift */; };
		9996CCFF262EB4E8001B99AE /* EULAText.html in Resources */ = {isa = PBXBuildFile; fileRef = 9996CCFD262EB4E7001B99AE /* EULAText.html */; };
		9996CD00262EB4E8001B99AE /* EULAViewSample.swift in Sources */ = {isa = PBXBuildFile; fileRef = 9996CCFE262EB4E7001B99AE /* EULAViewSample.swift */; };
		9996CD03262FFEBE001B99AE /* EULA2.html in Resources */ = {isa = PBXBuildFile; fileRef = 9996CD02262FFEBD001B99AE /* EULA2.html */; };
		99B6EF8C2672224D00515E8E /* UserConsentSample.swift in Sources */ = {isa = PBXBuildFile; fileRef = 99B6EF8B2672224C00515E8E /* UserConsentSample.swift */; };
		AB988B102631270300483D87 /* DataTableExample.swift in Sources */ = {isa = PBXBuildFile; fileRef = AB988B0F2631270300483D87 /* DataTableExample.swift */; };
		B100639329C0624D00AF0CA2 /* StepProgressIndicatorExample.swift in Sources */ = {isa = PBXBuildFile; fileRef = B100639229C0624D00AF0CA2 /* StepProgressIndicatorExample.swift */; };
		B13408922B01FA0700600331 /* NavigationBarExample.swift in Sources */ = {isa = PBXBuildFile; fileRef = B13408912B01FA0700600331 /* NavigationBarExample.swift */; };
		B141D6BB29261F9E008A8BD6 /* SearchableListViewExample.swift in Sources */ = {isa = PBXBuildFile; fileRef = B141D6BA29261F9E008A8BD6 /* SearchableListViewExample.swift */; };
		B18D2E9F2988B07B000A1821 /* KPIHeaderExample.swift in Sources */ = {isa = PBXBuildFile; fileRef = B18D2E9E2988B07B000A1821 /* KPIHeaderExample.swift */; };
		B18D593C2B0C52C700ABB1AD /* TabViewExample.swift in Sources */ = {isa = PBXBuildFile; fileRef = B18D593B2B0C52C700ABB1AD /* TabViewExample.swift */; };
		B1BA1F922B19AAEE00E6C052 /* TabViewDetailView.swift in Sources */ = {isa = PBXBuildFile; fileRef = B1BA1F912B19AAEE00E6C052 /* TabViewDetailView.swift */; };
		B1C7DC8129FBB13F00DC5EEB /* SPIModelExample.swift in Sources */ = {isa = PBXBuildFile; fileRef = B1C7DC8029FBB13F00DC5EEB /* SPIModelExample.swift */; };
		B1D41B20291A2D97004E64A5 /* DurationPickerExample.swift in Sources */ = {isa = PBXBuildFile; fileRef = B1D41B1F291A2D97004E64A5 /* DurationPickerExample.swift */; };
		B1D9D22A2991E056008FF5BC /* ObjectItemAvatarsExample.swift in Sources */ = {isa = PBXBuildFile; fileRef = B1D9D2292991E056008FF5BC /* ObjectItemAvatarsExample.swift */; };
		B1DD864F2B07441C00D7EDFD /* UIFont+Fiori.swift in Sources */ = {isa = PBXBuildFile; fileRef = B1DD864E2B07441C00D7EDFD /* UIFont+Fiori.swift */; };
		B1DD86512B07534D00D7EDFD /* NavigationBarFioriStyle.swift in Sources */ = {isa = PBXBuildFile; fileRef = B1DD86502B07534D00D7EDFD /* NavigationBarFioriStyle.swift */; };
		B1DD86532B0758F000D7EDFD /* NavigationBarPopover.swift in Sources */ = {isa = PBXBuildFile; fileRef = B1DD86522B0758F000D7EDFD /* NavigationBarPopover.swift */; };
		B1DD86552B0759DD00D7EDFD /* NavigationBarCustomItem.swift in Sources */ = {isa = PBXBuildFile; fileRef = B1DD86542B0759DD00D7EDFD /* NavigationBarCustomItem.swift */; };
		B80DA9BA260BBF8600C0B2E9 /* SingleActionProfiles.swift in Sources */ = {isa = PBXBuildFile; fileRef = B80DA9B9260BBF8600C0B2E9 /* SingleActionProfiles.swift */; };
		B80DA9BC260BED9400C0B2E9 /* SingleActionCollectionView.swift in Sources */ = {isa = PBXBuildFile; fileRef = B80DA9BB260BED9400C0B2E9 /* SingleActionCollectionView.swift */; };
		B80DA9BE260C1CC200C0B2E9 /* ListDataProtocol.swift in Sources */ = {isa = PBXBuildFile; fileRef = B80DA9BD260C1CC200C0B2E9 /* ListDataProtocol.swift */; };
		B80DA9C2260D04FB00C0B2E9 /* SingleActionLongFollowButton.swift in Sources */ = {isa = PBXBuildFile; fileRef = B80DA9C1260D04FB00C0B2E9 /* SingleActionLongFollowButton.swift */; };
		B80DA9C62612A54E00C0B2E9 /* ActivationScreenSample.swift in Sources */ = {isa = PBXBuildFile; fileRef = B80DA9C42612A54E00C0B2E9 /* ActivationScreenSample.swift */; };
		B80DA9C72612A54E00C0B2E9 /* WelcomeScreenSample.swift in Sources */ = {isa = PBXBuildFile; fileRef = B80DA9C52612A54E00C0B2E9 /* WelcomeScreenSample.swift */; };
		B8101D52268BB84B00D32560 /* ContactItemTapStateExamples.swift in Sources */ = {isa = PBXBuildFile; fileRef = B8101D51268BB84B00D32560 /* ContactItemTapStateExamples.swift */; };
		B846F94626815CC90085044B /* ContactItemExample.swift in Sources */ = {isa = PBXBuildFile; fileRef = B846F94526815CC90085044B /* ContactItemExample.swift */; };
		B846F94826815DE50085044B /* ContactItemRegularExamples.swift in Sources */ = {isa = PBXBuildFile; fileRef = B846F94726815DE50085044B /* ContactItemRegularExamples.swift */; };
		B846F94A26815DF30085044B /* ContactItemCompactExamples.swift in Sources */ = {isa = PBXBuildFile; fileRef = B846F94926815DF30085044B /* ContactItemCompactExamples.swift */; };
		B84D24EC2652F343007F2373 /* ObjectHeaderSpecCompact.swift in Sources */ = {isa = PBXBuildFile; fileRef = B84D24E52652F343007F2373 /* ObjectHeaderSpecCompact.swift */; };
		B84D24ED2652F343007F2373 /* HeaderChartExample.swift in Sources */ = {isa = PBXBuildFile; fileRef = B84D24E62652F343007F2373 /* HeaderChartExample.swift */; };
		B84D24EE2652F343007F2373 /* ObjectHeaderViewScenarios.swift in Sources */ = {isa = PBXBuildFile; fileRef = B84D24E72652F343007F2373 /* ObjectHeaderViewScenarios.swift */; };
		B84D24EF2652F343007F2373 /* ObjectHeaderTestApp.swift in Sources */ = {isa = PBXBuildFile; fileRef = B84D24E82652F343007F2373 /* ObjectHeaderTestApp.swift */; };
		B84D24F02652F343007F2373 /* ObjectHeaderExample.swift in Sources */ = {isa = PBXBuildFile; fileRef = B84D24E92652F343007F2373 /* ObjectHeaderExample.swift */; };
		B84D24F12652F343007F2373 /* ObjectHeaderSpec.swift in Sources */ = {isa = PBXBuildFile; fileRef = B84D24EA2652F343007F2373 /* ObjectHeaderSpec.swift */; };
		B84D24F22652F343007F2373 /* ObjectHeaderDeveloperExample.swift in Sources */ = {isa = PBXBuildFile; fileRef = B84D24EB2652F343007F2373 /* ObjectHeaderDeveloperExample.swift */; };
		B86F02A82679835F0049DDA7 /* ObjectItemInitExamples.swift in Sources */ = {isa = PBXBuildFile; fileRef = B86F02A72679835F0049DDA7 /* ObjectItemInitExamples.swift */; };
		B86F02AA267983870049DDA7 /* ObjectItemListView.swift in Sources */ = {isa = PBXBuildFile; fileRef = B86F02A9267983870049DDA7 /* ObjectItemListView.swift */; };
		B8D4376825EEC5E80024EE7D /* Assets.xcassets in Resources */ = {isa = PBXBuildFile; fileRef = B8D4376725EEC5E80024EE7D /* Assets.xcassets */; };
		B8D4376D25F97F140024EE7D /* ObjectItemExample.swift in Sources */ = {isa = PBXBuildFile; fileRef = B8D4376C25F97F140024EE7D /* ObjectItemExample.swift */; };
		B8D4376F25F980340024EE7D /* ObjectCell_Spec_Jan2018.swift in Sources */ = {isa = PBXBuildFile; fileRef = B8D4376E25F980340024EE7D /* ObjectCell_Spec_Jan2018.swift */; };
		B8D4377125F983730024EE7D /* ObjectCell_Rules_Alignment.swift in Sources */ = {isa = PBXBuildFile; fileRef = B8D4377025F983730024EE7D /* ObjectCell_Rules_Alignment.swift */; };
		B8D437732609479E0024EE7D /* SingleActionFollowButton.swift in Sources */ = {isa = PBXBuildFile; fileRef = B8D437722609479E0024EE7D /* SingleActionFollowButton.swift */; };
		C1A0FDB32AD893FA0001738E /* SortFilterView+Extensions.swift in Sources */ = {isa = PBXBuildFile; fileRef = C1A0FDB22AD893FA0001738E /* SortFilterView+Extensions.swift */; };
		C1C764882A818BEC00BCB0F7 /* SortFilterExample.swift in Sources */ = {isa = PBXBuildFile; fileRef = C1C764872A818BEC00BCB0F7 /* SortFilterExample.swift */; };
/* End PBXBuildFile section */

/* Begin PBXContainerItemProxy section */
		1F60179F29A8439C00DBDCDE /* PBXContainerItemProxy */ = {
			isa = PBXContainerItemProxy;
			containerPortal = 8A55794B24C1286E0098003A /* Project object */;
			proxyType = 1;
			remoteGlobalIDString = 1F60179329A8439A00DBDCDE;
			remoteInfo = "WatchExamples Watch App";
		};
/* End PBXContainerItemProxy section */

/* Begin PBXCopyFilesBuildPhase section */
		1F6017A229A8439C00DBDCDE /* Embed Watch Content */ = {
			isa = PBXCopyFilesBuildPhase;
			buildActionMask = 2147483647;
			dstPath = "$(CONTENTS_FOLDER_PATH)/Watch";
			dstSubfolderSpec = 16;
			files = (
				1F6017A129A8439C00DBDCDE /* WatchExamples Watch App.app in Embed Watch Content */,
			);
			name = "Embed Watch Content";
			runOnlyForDeploymentPostprocessing = 0;
		};
		1F6017A929A8450E00DBDCDE /* Embed Frameworks */ = {
			isa = PBXCopyFilesBuildPhase;
			buildActionMask = 2147483647;
			dstPath = "";
			dstSubfolderSpec = 10;
			files = (
				1F6017A829A8450E00DBDCDE /* FioriThemeManager in Embed Frameworks */,
			);
			name = "Embed Frameworks";
			runOnlyForDeploymentPostprocessing = 0;
		};
		8A557A1624C129900098003A /* Embed Frameworks */ = {
			isa = PBXCopyFilesBuildPhase;
			buildActionMask = 2147483647;
			dstPath = "";
			dstSubfolderSpec = 10;
			files = (
				8A7F248125A68C5B003F19FF /* FioriSwiftUI in Embed Frameworks */,
			);
			name = "Embed Frameworks";
			runOnlyForDeploymentPostprocessing = 0;
		};
/* End PBXCopyFilesBuildPhase section */

/* Begin PBXFileReference section */
		108E43D4292DAB7C006532F3 /* EmptyStateViewExample.swift */ = {isa = PBXFileReference; lastKnownFileType = sourcecode.swift; path = EmptyStateViewExample.swift; sourceTree = "<group>"; };
		1F26DCF9261A5CD9006C43B1 /* FioriButtonContentView.swift */ = {isa = PBXFileReference; lastKnownFileType = sourcecode.swift; path = FioriButtonContentView.swift; sourceTree = "<group>"; };
		1F3C92F025DF12C100A99A07 /* ListPicker.swift */ = {isa = PBXFileReference; lastKnownFileType = sourcecode.swift; path = ListPicker.swift; sourceTree = "<group>"; };
		1F55FEF22AC941FF00D7A1BE /* View+Extensions.swift */ = {isa = PBXFileReference; lastKnownFileType = sourcecode.swift; path = "View+Extensions.swift"; sourceTree = "<group>"; };
		1F60179429A8439A00DBDCDE /* WatchExamples Watch App.app */ = {isa = PBXFileReference; explicitFileType = wrapper.application; includeInIndex = 0; path = "WatchExamples Watch App.app"; sourceTree = BUILT_PRODUCTS_DIR; };
		1F60179629A8439A00DBDCDE /* WatchExamplesApp.swift */ = {isa = PBXFileReference; lastKnownFileType = sourcecode.swift; path = WatchExamplesApp.swift; sourceTree = "<group>"; };
		1F60179829A8439A00DBDCDE /* ContentView.swift */ = {isa = PBXFileReference; lastKnownFileType = sourcecode.swift; path = ContentView.swift; sourceTree = "<group>"; };
		1F60179A29A8439C00DBDCDE /* Assets.xcassets */ = {isa = PBXFileReference; lastKnownFileType = folder.assetcatalog; path = Assets.xcassets; sourceTree = "<group>"; };
		1F60179D29A8439C00DBDCDE /* Preview Assets.xcassets */ = {isa = PBXFileReference; lastKnownFileType = folder.assetcatalog; path = "Preview Assets.xcassets"; sourceTree = "<group>"; };
		1F90888B261A59820015A84D /* FioriButtonExample.swift */ = {isa = PBXFileReference; fileEncoding = 4; lastKnownFileType = sourcecode.swift; path = FioriButtonExample.swift; sourceTree = "<group>"; };
		1FC30411270540FB004BEE00 /* 72-Fonts.swift */ = {isa = PBXFileReference; lastKnownFileType = sourcecode.swift; path = "72-Fonts.swift"; sourceTree = "<group>"; };
		1FC30413270541BF004BEE00 /* FioriThemeManagerContentView.swift */ = {isa = PBXFileReference; lastKnownFileType = sourcecode.swift; path = FioriThemeManagerContentView.swift; sourceTree = "<group>"; };
		1FF3662D264C662A00AB8BD8 /* DimensionSelector+Chart.swift */ = {isa = PBXFileReference; fileEncoding = 4; lastKnownFileType = sourcecode.swift; path = "DimensionSelector+Chart.swift"; sourceTree = "<group>"; };
		691DE21825F2A30B00094D4A /* KPIViewExample.swift */ = {isa = PBXFileReference; lastKnownFileType = sourcecode.swift; path = KPIViewExample.swift; sourceTree = "<group>"; };
		692F338A26556A6A009B98DA /* SideBarExample.swift */ = {isa = PBXFileReference; lastKnownFileType = sourcecode.swift; path = SideBarExample.swift; sourceTree = "<group>"; };
		69B2B5D8268A333C009AC6B3 /* KPIProgressViewExample.swift */ = {isa = PBXFileReference; lastKnownFileType = sourcecode.swift; path = KPIProgressViewExample.swift; sourceTree = "<group>"; };
		8A1E99AD24D59C8000ED8A39 /* cloud-sdk-ios-fiori */ = {isa = PBXFileReference; lastKnownFileType = folder; name = "cloud-sdk-ios-fiori"; path = ../..; sourceTree = "<group>"; };
		8A55795324C1286E0098003A /* Examples.app */ = {isa = PBXFileReference; explicitFileType = wrapper.application; includeInIndex = 0; path = Examples.app; sourceTree = BUILT_PRODUCTS_DIR; };
		8A55795624C1286E0098003A /* AppDelegate.swift */ = {isa = PBXFileReference; lastKnownFileType = sourcecode.swift; path = AppDelegate.swift; sourceTree = "<group>"; };
		8A55795824C1286E0098003A /* SceneDelegate.swift */ = {isa = PBXFileReference; lastKnownFileType = sourcecode.swift; path = SceneDelegate.swift; sourceTree = "<group>"; };
		8A55795A24C1286E0098003A /* ContentView.swift */ = {isa = PBXFileReference; lastKnownFileType = sourcecode.swift; path = ContentView.swift; sourceTree = "<group>"; };
		8A55795F24C1286F0098003A /* Preview Assets.xcassets */ = {isa = PBXFileReference; lastKnownFileType = folder.assetcatalog; path = "Preview Assets.xcassets"; sourceTree = "<group>"; };
		8A55796224C1286F0098003A /* Base */ = {isa = PBXFileReference; lastKnownFileType = file.storyboard; name = Base; path = Base.lproj/LaunchScreen.storyboard; sourceTree = "<group>"; };
		8A55796424C1286F0098003A /* Info.plist */ = {isa = PBXFileReference; lastKnownFileType = text.plist.xml; path = Info.plist; sourceTree = "<group>"; };
		8A55797A24C1293C0098003A /* SettingsColorForCategory.swift */ = {isa = PBXFileReference; fileEncoding = 4; lastKnownFileType = sourcecode.swift; path = SettingsColorForCategory.swift; sourceTree = "<group>"; };
		8A55797B24C1293C0098003A /* SettingsLabel.swift */ = {isa = PBXFileReference; fileEncoding = 4; lastKnownFileType = sourcecode.swift; path = SettingsLabel.swift; sourceTree = "<group>"; };
		8A55797C24C1293C0098003A /* SettingColor.swift */ = {isa = PBXFileReference; fileEncoding = 4; lastKnownFileType = sourcecode.swift; path = SettingColor.swift; sourceTree = "<group>"; };
		8A55797D24C1293C0098003A /* SettingsAxis.swift */ = {isa = PBXFileReference; fileEncoding = 4; lastKnownFileType = sourcecode.swift; path = SettingsAxis.swift; sourceTree = "<group>"; };
		8A55797E24C1293C0098003A /* SettingsLine.swift */ = {isa = PBXFileReference; fileEncoding = 4; lastKnownFileType = sourcecode.swift; path = SettingsLine.swift; sourceTree = "<group>"; };
		8A55797F24C1293C0098003A /* Settings.swift */ = {isa = PBXFileReference; fileEncoding = 4; lastKnownFileType = sourcecode.swift; path = Settings.swift; sourceTree = "<group>"; };
		8A55798024C1293C0098003A /* Color+Extensions.swift */ = {isa = PBXFileReference; fileEncoding = 4; lastKnownFileType = sourcecode.swift; path = "Color+Extensions.swift"; sourceTree = "<group>"; };
		8A55798124C1293C0098003A /* SettingsPoint.swift */ = {isa = PBXFileReference; fileEncoding = 4; lastKnownFileType = sourcecode.swift; path = SettingsPoint.swift; sourceTree = "<group>"; };
		8A55798224C1293C0098003A /* SettingsBaseline.swift */ = {isa = PBXFileReference; fileEncoding = 4; lastKnownFileType = sourcecode.swift; path = SettingsBaseline.swift; sourceTree = "<group>"; };
		8A55798324C1293C0098003A /* SettingsSeries.swift */ = {isa = PBXFileReference; fileEncoding = 4; lastKnownFileType = sourcecode.swift; path = SettingsSeries.swift; sourceTree = "<group>"; };
		8A55798524C1293C0098003A /* SettingsCategoryAxis.swift */ = {isa = PBXFileReference; fileEncoding = 4; lastKnownFileType = sourcecode.swift; path = SettingsCategoryAxis.swift; sourceTree = "<group>"; };
		8A55798624C1293C0098003A /* SettingsIndexSet.swift */ = {isa = PBXFileReference; fileEncoding = 4; lastKnownFileType = sourcecode.swift; path = SettingsIndexSet.swift; sourceTree = "<group>"; };
		8A55798724C1293C0098003A /* SettingsSelection.swift */ = {isa = PBXFileReference; fileEncoding = 4; lastKnownFileType = sourcecode.swift; path = SettingsSelection.swift; sourceTree = "<group>"; };
		8A557A1924C12C820098003A /* ChartsContentView.swift */ = {isa = PBXFileReference; fileEncoding = 4; lastKnownFileType = sourcecode.swift; path = ChartsContentView.swift; sourceTree = "<group>"; };
		8A557A2124C12C9B0098003A /* CoreContentView.swift */ = {isa = PBXFileReference; fileEncoding = 4; lastKnownFileType = sourcecode.swift; path = CoreContentView.swift; sourceTree = "<group>"; };
		8A557A2324C12F380098003A /* ChartDetailView.swift */ = {isa = PBXFileReference; fileEncoding = 4; lastKnownFileType = sourcecode.swift; path = ChartDetailView.swift; sourceTree = "<group>"; };
		8A6D64B025AE658300D2D76C /* ExpHeaderView.swift */ = {isa = PBXFileReference; lastKnownFileType = sourcecode.swift; path = ExpHeaderView.swift; sourceTree = "<group>"; };
		8A6D64B925AE714100D2D76C /* ExampleHighlightingStyle.swift */ = {isa = PBXFileReference; lastKnownFileType = sourcecode.swift; path = ExampleHighlightingStyle.swift; sourceTree = "<group>"; };
		8A6D64BE25AE7A6D00D2D76C /* ExperimentalContentView.swift */ = {isa = PBXFileReference; lastKnownFileType = sourcecode.swift; path = ExperimentalContentView.swift; sourceTree = "<group>"; };
		8A6DE30A28DD27F9003222E3 /* Colors.swift */ = {isa = PBXFileReference; lastKnownFileType = sourcecode.swift; path = Colors.swift; sourceTree = "<group>"; };
		8AB6C01328DF6583002F32BE /* LazyView.swift */ = {isa = PBXFileReference; lastKnownFileType = sourcecode.swift; path = LazyView.swift; sourceTree = "<group>"; };
		8AD9DFA525D49967007448EC /* ContactItemActionItemsExample.swift */ = {isa = PBXFileReference; fileEncoding = 4; lastKnownFileType = sourcecode.swift; path = ContactItemActionItemsExample.swift; sourceTree = "<group>"; };
		8AD9DFA625D49967007448EC /* ContactItemStateAndDataBindingExample.swift */ = {isa = PBXFileReference; fileEncoding = 4; lastKnownFileType = sourcecode.swift; path = ContactItemStateAndDataBindingExample.swift; sourceTree = "<group>"; };
		8AD9DFA725D49967007448EC /* StylingModifierExample.swift */ = {isa = PBXFileReference; fileEncoding = 4; lastKnownFileType = sourcecode.swift; path = StylingModifierExample.swift; sourceTree = "<group>"; };
		8AD9DFA825D49967007448EC /* ContactItemInitModelExample.swift */ = {isa = PBXFileReference; fileEncoding = 4; lastKnownFileType = sourcecode.swift; path = ContactItemInitModelExample.swift; sourceTree = "<group>"; };
		8AD9DFA925D49967007448EC /* ContactItemInitViewBuilderExample.swift */ = {isa = PBXFileReference; fileEncoding = 4; lastKnownFileType = sourcecode.swift; path = ContactItemInitViewBuilderExample.swift; sourceTree = "<group>"; };
		975CB76A256C5A7400DB7A15 /* SignatureCaptureViewExample.swift */ = {isa = PBXFileReference; lastKnownFileType = sourcecode.swift; path = SignatureCaptureViewExample.swift; sourceTree = "<group>"; };
		993A122C26A726AC0018028B /* PrivacyText.html */ = {isa = PBXFileReference; fileEncoding = 4; lastKnownFileType = text.html; path = PrivacyText.html; sourceTree = "<group>"; };
		993A122D26A726AC0018028B /* PrivacyText.rtf */ = {isa = PBXFileReference; fileEncoding = 4; lastKnownFileType = text.rtf; path = PrivacyText.rtf; sourceTree = "<group>"; };
		993B55BD29DF7EC70002B065 /* IconLibraryExample.swift */ = {isa = PBXFileReference; lastKnownFileType = sourcecode.swift; path = IconLibraryExample.swift; sourceTree = "<group>"; };
		99942D562616980A001912C5 /* OnboardingExamples.swift */ = {isa = PBXFileReference; lastKnownFileType = sourcecode.swift; path = OnboardingExamples.swift; sourceTree = "<group>"; };
		99942D58261698FC001912C5 /* InfoViewSample.swift */ = {isa = PBXFileReference; fileEncoding = 4; lastKnownFileType = sourcecode.swift; path = InfoViewSample.swift; sourceTree = "<group>"; };
		9996CCFD262EB4E7001B99AE /* EULAText.html */ = {isa = PBXFileReference; fileEncoding = 4; lastKnownFileType = text.html; path = EULAText.html; sourceTree = "<group>"; };
		9996CCFE262EB4E7001B99AE /* EULAViewSample.swift */ = {isa = PBXFileReference; fileEncoding = 4; lastKnownFileType = sourcecode.swift; path = EULAViewSample.swift; sourceTree = "<group>"; };
		9996CD02262FFEBD001B99AE /* EULA2.html */ = {isa = PBXFileReference; lastKnownFileType = text.html; path = EULA2.html; sourceTree = "<group>"; };
		99B6EF8B2672224C00515E8E /* UserConsentSample.swift */ = {isa = PBXFileReference; lastKnownFileType = sourcecode.swift; path = UserConsentSample.swift; sourceTree = "<group>"; };
		AB988B0F2631270300483D87 /* DataTableExample.swift */ = {isa = PBXFileReference; lastKnownFileType = sourcecode.swift; path = DataTableExample.swift; sourceTree = "<group>"; };
		B100639229C0624D00AF0CA2 /* StepProgressIndicatorExample.swift */ = {isa = PBXFileReference; lastKnownFileType = sourcecode.swift; path = StepProgressIndicatorExample.swift; sourceTree = "<group>"; };
		B13408912B01FA0700600331 /* NavigationBarExample.swift */ = {isa = PBXFileReference; lastKnownFileType = sourcecode.swift; path = NavigationBarExample.swift; sourceTree = "<group>"; };
		B141D6BA29261F9E008A8BD6 /* SearchableListViewExample.swift */ = {isa = PBXFileReference; lastKnownFileType = sourcecode.swift; path = SearchableListViewExample.swift; sourceTree = "<group>"; };
		B18D2E9E2988B07B000A1821 /* KPIHeaderExample.swift */ = {isa = PBXFileReference; lastKnownFileType = sourcecode.swift; path = KPIHeaderExample.swift; sourceTree = "<group>"; };
		B18D593B2B0C52C700ABB1AD /* TabViewExample.swift */ = {isa = PBXFileReference; fileEncoding = 4; lastKnownFileType = sourcecode.swift; path = TabViewExample.swift; sourceTree = "<group>"; };
		B1BA1F912B19AAEE00E6C052 /* TabViewDetailView.swift */ = {isa = PBXFileReference; lastKnownFileType = sourcecode.swift; path = TabViewDetailView.swift; sourceTree = "<group>"; };
		B1C7DC8029FBB13F00DC5EEB /* SPIModelExample.swift */ = {isa = PBXFileReference; lastKnownFileType = sourcecode.swift; path = SPIModelExample.swift; sourceTree = "<group>"; };
		B1D41B1F291A2D97004E64A5 /* DurationPickerExample.swift */ = {isa = PBXFileReference; lastKnownFileType = sourcecode.swift; path = DurationPickerExample.swift; sourceTree = "<group>"; };
		B1D9D2292991E056008FF5BC /* ObjectItemAvatarsExample.swift */ = {isa = PBXFileReference; lastKnownFileType = sourcecode.swift; path = ObjectItemAvatarsExample.swift; sourceTree = "<group>"; };
		B1DD864E2B07441C00D7EDFD /* UIFont+Fiori.swift */ = {isa = PBXFileReference; lastKnownFileType = sourcecode.swift; path = "UIFont+Fiori.swift"; sourceTree = "<group>"; };
		B1DD86502B07534D00D7EDFD /* NavigationBarFioriStyle.swift */ = {isa = PBXFileReference; lastKnownFileType = sourcecode.swift; path = NavigationBarFioriStyle.swift; sourceTree = "<group>"; };
		B1DD86522B0758F000D7EDFD /* NavigationBarPopover.swift */ = {isa = PBXFileReference; lastKnownFileType = sourcecode.swift; path = NavigationBarPopover.swift; sourceTree = "<group>"; };
		B1DD86542B0759DD00D7EDFD /* NavigationBarCustomItem.swift */ = {isa = PBXFileReference; lastKnownFileType = sourcecode.swift; path = NavigationBarCustomItem.swift; sourceTree = "<group>"; };
		B80DA9B9260BBF8600C0B2E9 /* SingleActionProfiles.swift */ = {isa = PBXFileReference; lastKnownFileType = sourcecode.swift; path = SingleActionProfiles.swift; sourceTree = "<group>"; };
		B80DA9BB260BED9400C0B2E9 /* SingleActionCollectionView.swift */ = {isa = PBXFileReference; lastKnownFileType = sourcecode.swift; path = SingleActionCollectionView.swift; sourceTree = "<group>"; };
		B80DA9BD260C1CC200C0B2E9 /* ListDataProtocol.swift */ = {isa = PBXFileReference; lastKnownFileType = sourcecode.swift; path = ListDataProtocol.swift; sourceTree = "<group>"; };
		B80DA9C1260D04FB00C0B2E9 /* SingleActionLongFollowButton.swift */ = {isa = PBXFileReference; lastKnownFileType = sourcecode.swift; path = SingleActionLongFollowButton.swift; sourceTree = "<group>"; };
		B80DA9C42612A54E00C0B2E9 /* ActivationScreenSample.swift */ = {isa = PBXFileReference; fileEncoding = 4; lastKnownFileType = sourcecode.swift; path = ActivationScreenSample.swift; sourceTree = "<group>"; };
		B80DA9C52612A54E00C0B2E9 /* WelcomeScreenSample.swift */ = {isa = PBXFileReference; fileEncoding = 4; lastKnownFileType = sourcecode.swift; path = WelcomeScreenSample.swift; sourceTree = "<group>"; };
		B8101D51268BB84B00D32560 /* ContactItemTapStateExamples.swift */ = {isa = PBXFileReference; lastKnownFileType = sourcecode.swift; path = ContactItemTapStateExamples.swift; sourceTree = "<group>"; };
		B846F94526815CC90085044B /* ContactItemExample.swift */ = {isa = PBXFileReference; lastKnownFileType = sourcecode.swift; path = ContactItemExample.swift; sourceTree = "<group>"; };
		B846F94726815DE50085044B /* ContactItemRegularExamples.swift */ = {isa = PBXFileReference; lastKnownFileType = sourcecode.swift; path = ContactItemRegularExamples.swift; sourceTree = "<group>"; };
		B846F94926815DF30085044B /* ContactItemCompactExamples.swift */ = {isa = PBXFileReference; lastKnownFileType = sourcecode.swift; path = ContactItemCompactExamples.swift; sourceTree = "<group>"; };
		B84D24E52652F343007F2373 /* ObjectHeaderSpecCompact.swift */ = {isa = PBXFileReference; fileEncoding = 4; lastKnownFileType = sourcecode.swift; path = ObjectHeaderSpecCompact.swift; sourceTree = "<group>"; };
		B84D24E62652F343007F2373 /* HeaderChartExample.swift */ = {isa = PBXFileReference; fileEncoding = 4; lastKnownFileType = sourcecode.swift; path = HeaderChartExample.swift; sourceTree = "<group>"; };
		B84D24E72652F343007F2373 /* ObjectHeaderViewScenarios.swift */ = {isa = PBXFileReference; fileEncoding = 4; lastKnownFileType = sourcecode.swift; path = ObjectHeaderViewScenarios.swift; sourceTree = "<group>"; };
		B84D24E82652F343007F2373 /* ObjectHeaderTestApp.swift */ = {isa = PBXFileReference; fileEncoding = 4; lastKnownFileType = sourcecode.swift; path = ObjectHeaderTestApp.swift; sourceTree = "<group>"; };
		B84D24E92652F343007F2373 /* ObjectHeaderExample.swift */ = {isa = PBXFileReference; fileEncoding = 4; lastKnownFileType = sourcecode.swift; path = ObjectHeaderExample.swift; sourceTree = "<group>"; };
		B84D24EA2652F343007F2373 /* ObjectHeaderSpec.swift */ = {isa = PBXFileReference; fileEncoding = 4; lastKnownFileType = sourcecode.swift; path = ObjectHeaderSpec.swift; sourceTree = "<group>"; };
		B84D24EB2652F343007F2373 /* ObjectHeaderDeveloperExample.swift */ = {isa = PBXFileReference; fileEncoding = 4; lastKnownFileType = sourcecode.swift; path = ObjectHeaderDeveloperExample.swift; sourceTree = "<group>"; };
		B86F02A72679835F0049DDA7 /* ObjectItemInitExamples.swift */ = {isa = PBXFileReference; fileEncoding = 4; lastKnownFileType = sourcecode.swift; path = ObjectItemInitExamples.swift; sourceTree = "<group>"; };
		B86F02A9267983870049DDA7 /* ObjectItemListView.swift */ = {isa = PBXFileReference; lastKnownFileType = sourcecode.swift; path = ObjectItemListView.swift; sourceTree = "<group>"; };
		B8D4376725EEC5E80024EE7D /* Assets.xcassets */ = {isa = PBXFileReference; lastKnownFileType = folder.assetcatalog; path = Assets.xcassets; sourceTree = "<group>"; };
		B8D4376C25F97F140024EE7D /* ObjectItemExample.swift */ = {isa = PBXFileReference; lastKnownFileType = sourcecode.swift; path = ObjectItemExample.swift; sourceTree = "<group>"; };
		B8D4376E25F980340024EE7D /* ObjectCell_Spec_Jan2018.swift */ = {isa = PBXFileReference; lastKnownFileType = sourcecode.swift; path = ObjectCell_Spec_Jan2018.swift; sourceTree = "<group>"; };
		B8D4377025F983730024EE7D /* ObjectCell_Rules_Alignment.swift */ = {isa = PBXFileReference; lastKnownFileType = sourcecode.swift; path = ObjectCell_Rules_Alignment.swift; sourceTree = "<group>"; };
		B8D437722609479E0024EE7D /* SingleActionFollowButton.swift */ = {isa = PBXFileReference; lastKnownFileType = sourcecode.swift; path = SingleActionFollowButton.swift; sourceTree = "<group>"; };
		C1A0FDB22AD893FA0001738E /* SortFilterView+Extensions.swift */ = {isa = PBXFileReference; lastKnownFileType = sourcecode.swift; path = "SortFilterView+Extensions.swift"; sourceTree = "<group>"; };
		C1C764872A818BEC00BCB0F7 /* SortFilterExample.swift */ = {isa = PBXFileReference; lastKnownFileType = sourcecode.swift; path = SortFilterExample.swift; sourceTree = "<group>"; };
/* End PBXFileReference section */

/* Begin PBXFrameworksBuildPhase section */
		1F60179129A8439A00DBDCDE /* Frameworks */ = {
			isa = PBXFrameworksBuildPhase;
			buildActionMask = 2147483647;
			files = (
				1F6017A729A8450E00DBDCDE /* FioriThemeManager in Frameworks */,
			);
			runOnlyForDeploymentPostprocessing = 0;
		};
		8A55795024C1286E0098003A /* Frameworks */ = {
			isa = PBXFrameworksBuildPhase;
			buildActionMask = 2147483647;
			files = (
				8ACBFA1424F7F011009233DE /* FioriSwiftUI in Frameworks */,
			);
			runOnlyForDeploymentPostprocessing = 0;
		};
/* End PBXFrameworksBuildPhase section */

/* Begin PBXGroup section */
		108E43D3292DAB3E006532F3 /* EmptyStateView */ = {
			isa = PBXGroup;
			children = (
				108E43D4292DAB7C006532F3 /* EmptyStateViewExample.swift */,
			);
			path = EmptyStateView;
			sourceTree = "<group>";
		};
		1F3C92EF25DF12A100A99A07 /* FormCells */ = {
			isa = PBXGroup;
			children = (
				1F3C92F025DF12C100A99A07 /* ListPicker.swift */,
				B141D6BA29261F9E008A8BD6 /* SearchableListViewExample.swift */,
			);
			path = FormCells;
			sourceTree = "<group>";
		};
		1F3C939B25E05E0200A99A07 /* FioriButton */ = {
			isa = PBXGroup;
			children = (
				1F90888B261A59820015A84D /* FioriButtonExample.swift */,
				1F26DCF9261A5CD9006C43B1 /* FioriButtonContentView.swift */,
			);
			path = FioriButton;
			sourceTree = "<group>";
		};
		1F55FEF12AC941C100D7A1BE /* Utility */ = {
			isa = PBXGroup;
			children = (
				1F55FEF22AC941FF00D7A1BE /* View+Extensions.swift */,
			);
			path = Utility;
			sourceTree = "<group>";
		};
		1F60179529A8439A00DBDCDE /* WatchExamples Watch App */ = {
			isa = PBXGroup;
			children = (
				1F60179629A8439A00DBDCDE /* WatchExamplesApp.swift */,
				1F60179829A8439A00DBDCDE /* ContentView.swift */,
				1F60179A29A8439C00DBDCDE /* Assets.xcassets */,
				1F60179C29A8439C00DBDCDE /* Preview Content */,
			);
			path = "WatchExamples Watch App";
			sourceTree = "<group>";
		};
		1F60179C29A8439C00DBDCDE /* Preview Content */ = {
			isa = PBXGroup;
			children = (
				1F60179D29A8439C00DBDCDE /* Preview Assets.xcassets */,
			);
			path = "Preview Content";
			sourceTree = "<group>";
		};
		1FC3040F2705409C004BEE00 /* FioriThemeManager */ = {
			isa = PBXGroup;
			children = (
				993B55BD29DF7EC70002B065 /* IconLibraryExample.swift */,
				1FC30411270540FB004BEE00 /* 72-Fonts.swift */,
				1FC30413270541BF004BEE00 /* FioriThemeManagerContentView.swift */,
				8A6DE30A28DD27F9003222E3 /* Colors.swift */,
			);
			path = FioriThemeManager;
			sourceTree = "<group>";
		};
		1FF3662C264C662A00AB8BD8 /* DimensionSelector */ = {
			isa = PBXGroup;
			children = (
				1FF3662D264C662A00AB8BD8 /* DimensionSelector+Chart.swift */,
			);
			path = DimensionSelector;
			sourceTree = "<group>";
		};
		691DE21725F2A2F000094D4A /* KPI */ = {
			isa = PBXGroup;
			children = (
				691DE21825F2A30B00094D4A /* KPIViewExample.swift */,
				69B2B5D8268A333C009AC6B3 /* KPIProgressViewExample.swift */,
				B18D2E9E2988B07B000A1821 /* KPIHeaderExample.swift */,
			);
			path = KPI;
			sourceTree = "<group>";
		};
		692F338926556A34009B98DA /* SideBar */ = {
			isa = PBXGroup;
			children = (
				692F338A26556A6A009B98DA /* SideBarExample.swift */,
			);
			path = SideBar;
			sourceTree = "<group>";
		};
		8A55794A24C1286E0098003A = {
			isa = PBXGroup;
			children = (
				8A55795524C1286E0098003A /* Examples */,
				1F60179529A8439A00DBDCDE /* WatchExamples Watch App */,
				8A55795424C1286E0098003A /* Products */,
				8A557A1224C129900098003A /* Frameworks */,
			);
			sourceTree = "<group>";
		};
		8A55795424C1286E0098003A /* Products */ = {
			isa = PBXGroup;
			children = (
				8A55795324C1286E0098003A /* Examples.app */,
				1F60179429A8439A00DBDCDE /* WatchExamples Watch App.app */,
			);
			name = Products;
			sourceTree = "<group>";
		};
		8A55795524C1286E0098003A /* Examples */ = {
			isa = PBXGroup;
			children = (
				1F55FEF12AC941C100D7A1BE /* Utility */,
				1FC3040F2705409C004BEE00 /* FioriThemeManager */,
				8A55797824C1293C0098003A /* FioriCharts */,
				8A5579C824C1293C0098003A /* FioriSwiftUICore */,
				8A55795624C1286E0098003A /* AppDelegate.swift */,
				8A55795824C1286E0098003A /* SceneDelegate.swift */,
				8A55795A24C1286E0098003A /* ContentView.swift */,
				8AB6C01328DF6583002F32BE /* LazyView.swift */,
				8A55796124C1286F0098003A /* LaunchScreen.storyboard */,
				B8D4376725EEC5E80024EE7D /* Assets.xcassets */,
				8A55796424C1286F0098003A /* Info.plist */,
				8A55795E24C1286F0098003A /* Preview Content */,
			);
			path = Examples;
			sourceTree = "<group>";
		};
		8A55795E24C1286F0098003A /* Preview Content */ = {
			isa = PBXGroup;
			children = (
				8A55795F24C1286F0098003A /* Preview Assets.xcassets */,
			);
			path = "Preview Content";
			sourceTree = "<group>";
		};
		8A55797824C1293C0098003A /* FioriCharts */ = {
			isa = PBXGroup;
			children = (
				8A557A2324C12F380098003A /* ChartDetailView.swift */,
				8A557A1924C12C820098003A /* ChartsContentView.swift */,
				8A55797A24C1293C0098003A /* SettingsColorForCategory.swift */,
				8A55797B24C1293C0098003A /* SettingsLabel.swift */,
				8A55797C24C1293C0098003A /* SettingColor.swift */,
				8A55797D24C1293C0098003A /* SettingsAxis.swift */,
				8A55797E24C1293C0098003A /* SettingsLine.swift */,
				8A55797F24C1293C0098003A /* Settings.swift */,
				8A55798024C1293C0098003A /* Color+Extensions.swift */,
				8A55798124C1293C0098003A /* SettingsPoint.swift */,
				8A55798224C1293C0098003A /* SettingsBaseline.swift */,
				8A55798324C1293C0098003A /* SettingsSeries.swift */,
				8A55798524C1293C0098003A /* SettingsCategoryAxis.swift */,
				8A55798624C1293C0098003A /* SettingsIndexSet.swift */,
				8A55798724C1293C0098003A /* SettingsSelection.swift */,
			);
			path = FioriCharts;
			sourceTree = "<group>";
		};
		8A5579C824C1293C0098003A /* FioriSwiftUICore */ = {
			isa = PBXGroup;
			children = (
				B1BA1F902B19A8B500E6C052 /* TabViewExample */,
				B1CC61C52AFA0856002078C1 /* NavigationBar */,
				C1C764862A818BD600BCB0F7 /* SortFilter */,
				B100639129C0623300AF0CA2 /* StepProgressIndicator */,
				108E43D3292DAB3E006532F3 /* EmptyStateView */,
				B1D41B1E291A2D2E004E64A5 /* Picker */,
				B8239D8626815C11003455D2 /* ContactItem */,
				692F338926556A34009B98DA /* SideBar */,
				1FF3662C264C662A00AB8BD8 /* DimensionSelector */,
				97CEF8A92553D6F1008BFBEF /* SignatureView */,
				AB988B11263128C400483D87 /* DataTable */,
				691DE21725F2A2F000094D4A /* KPI */,
				B8D4376B25F97EC50024EE7D /* ObjectItem */,
				B84D24E42652F343007F2373 /* ObjectHeader */,
				1F3C939B25E05E0200A99A07 /* FioriButton */,
				1F3C92EF25DF12A100A99A07 /* FormCells */,
				8A6D64AF25AE656400D2D76C /* Experimental */,
				B80DA9C32612A54E00C0B2E9 /* Onboarding */,
				8A557A2124C12C9B0098003A /* CoreContentView.swift */,
			);
			path = FioriSwiftUICore;
			sourceTree = "<group>";
		};
		8A557A1224C129900098003A /* Frameworks */ = {
			isa = PBXGroup;
			children = (
				8A1E99AD24D59C8000ED8A39 /* cloud-sdk-ios-fiori */,
			);
			name = Frameworks;
			sourceTree = "<group>";
		};
		8A6D64AF25AE656400D2D76C /* Experimental */ = {
			isa = PBXGroup;
			children = (
				8AD9DFA425D49967007448EC /* Examples */,
				8A6D64B825AE711E00D2D76C /* Utilities */,
				8A6D64BE25AE7A6D00D2D76C /* ExperimentalContentView.swift */,
			);
			path = Experimental;
			sourceTree = "<group>";
		};
		8A6D64B825AE711E00D2D76C /* Utilities */ = {
			isa = PBXGroup;
			children = (
				8A6D64B025AE658300D2D76C /* ExpHeaderView.swift */,
				8A6D64B925AE714100D2D76C /* ExampleHighlightingStyle.swift */,
			);
			path = Utilities;
			sourceTree = "<group>";
		};
		8AD9DFA425D49967007448EC /* Examples */ = {
			isa = PBXGroup;
			children = (
				8AD9DFA525D49967007448EC /* ContactItemActionItemsExample.swift */,
				8AD9DFA625D49967007448EC /* ContactItemStateAndDataBindingExample.swift */,
				8AD9DFA725D49967007448EC /* StylingModifierExample.swift */,
				8AD9DFA825D49967007448EC /* ContactItemInitModelExample.swift */,
				8AD9DFA925D49967007448EC /* ContactItemInitViewBuilderExample.swift */,
			);
			path = Examples;
			sourceTree = "<group>";
		};
		97CEF8A92553D6F1008BFBEF /* SignatureView */ = {
			isa = PBXGroup;
			children = (
				975CB76A256C5A7400DB7A15 /* SignatureCaptureViewExample.swift */,
			);
			path = SignatureView;
			sourceTree = "<group>";
		};
		AB988B11263128C400483D87 /* DataTable */ = {
			isa = PBXGroup;
			children = (
				AB988B0F2631270300483D87 /* DataTableExample.swift */,
			);
			path = DataTable;
			sourceTree = "<group>";
		};
		B100639129C0623300AF0CA2 /* StepProgressIndicator */ = {
			isa = PBXGroup;
			children = (
				B100639229C0624D00AF0CA2 /* StepProgressIndicatorExample.swift */,
				B1C7DC8029FBB13F00DC5EEB /* SPIModelExample.swift */,
			);
			path = StepProgressIndicator;
			sourceTree = "<group>";
		};
		B1BA1F902B19A8B500E6C052 /* TabViewExample */ = {
			isa = PBXGroup;
			children = (
				B18D593B2B0C52C700ABB1AD /* TabViewExample.swift */,
				B1BA1F912B19AAEE00E6C052 /* TabViewDetailView.swift */,
			);
			path = TabViewExample;
			sourceTree = "<group>";
		};
		B1CC61C52AFA0856002078C1 /* NavigationBar */ = {
			isa = PBXGroup;
			children = (
				B13408912B01FA0700600331 /* NavigationBarExample.swift */,
				B1DD86502B07534D00D7EDFD /* NavigationBarFioriStyle.swift */,
				B1DD86522B0758F000D7EDFD /* NavigationBarPopover.swift */,
				B1DD86542B0759DD00D7EDFD /* NavigationBarCustomItem.swift */,
				B1DD864E2B07441C00D7EDFD /* UIFont+Fiori.swift */,
			);
			path = NavigationBar;
			sourceTree = "<group>";
		};
		B1D41B1E291A2D2E004E64A5 /* Picker */ = {
			isa = PBXGroup;
			children = (
				B1D41B1F291A2D97004E64A5 /* DurationPickerExample.swift */,
			);
			path = Picker;
			sourceTree = "<group>";
		};
		B80DA9C32612A54E00C0B2E9 /* Onboarding */ = {
			isa = PBXGroup;
			children = (
				993A122C26A726AC0018028B /* PrivacyText.html */,
				993A122D26A726AC0018028B /* PrivacyText.rtf */,
				9996CCFD262EB4E7001B99AE /* EULAText.html */,
				99942D562616980A001912C5 /* OnboardingExamples.swift */,
				9996CCFE262EB4E7001B99AE /* EULAViewSample.swift */,
				99942D58261698FC001912C5 /* InfoViewSample.swift */,
				B80DA9C42612A54E00C0B2E9 /* ActivationScreenSample.swift */,
				B80DA9C52612A54E00C0B2E9 /* WelcomeScreenSample.swift */,
				9996CD02262FFEBD001B99AE /* EULA2.html */,
				99B6EF8B2672224C00515E8E /* UserConsentSample.swift */,
			);
			path = Onboarding;
			sourceTree = "<group>";
		};
		B8239D8626815C11003455D2 /* ContactItem */ = {
			isa = PBXGroup;
			children = (
				B846F94526815CC90085044B /* ContactItemExample.swift */,
				B846F94726815DE50085044B /* ContactItemRegularExamples.swift */,
				B846F94926815DF30085044B /* ContactItemCompactExamples.swift */,
				B8101D51268BB84B00D32560 /* ContactItemTapStateExamples.swift */,
			);
			path = ContactItem;
			sourceTree = "<group>";
		};
		B84D24E42652F343007F2373 /* ObjectHeader */ = {
			isa = PBXGroup;
			children = (
				B84D24E52652F343007F2373 /* ObjectHeaderSpecCompact.swift */,
				B84D24E62652F343007F2373 /* HeaderChartExample.swift */,
				B84D24E72652F343007F2373 /* ObjectHeaderViewScenarios.swift */,
				B84D24E82652F343007F2373 /* ObjectHeaderTestApp.swift */,
				B84D24E92652F343007F2373 /* ObjectHeaderExample.swift */,
				B84D24EA2652F343007F2373 /* ObjectHeaderSpec.swift */,
				B84D24EB2652F343007F2373 /* ObjectHeaderDeveloperExample.swift */,
			);
			path = ObjectHeader;
			sourceTree = "<group>";
		};
		B8D4376B25F97EC50024EE7D /* ObjectItem */ = {
			isa = PBXGroup;
			children = (
				B8D4376C25F97F140024EE7D /* ObjectItemExample.swift */,
				B80DA9BD260C1CC200C0B2E9 /* ListDataProtocol.swift */,
				B8D437722609479E0024EE7D /* SingleActionFollowButton.swift */,
				B80DA9C1260D04FB00C0B2E9 /* SingleActionLongFollowButton.swift */,
				B80DA9B9260BBF8600C0B2E9 /* SingleActionProfiles.swift */,
				B8D4376E25F980340024EE7D /* ObjectCell_Spec_Jan2018.swift */,
				B8D4377025F983730024EE7D /* ObjectCell_Rules_Alignment.swift */,
				B86F02A72679835F0049DDA7 /* ObjectItemInitExamples.swift */,
				B1D9D2292991E056008FF5BC /* ObjectItemAvatarsExample.swift */,
				B86F02A9267983870049DDA7 /* ObjectItemListView.swift */,
				B80DA9BB260BED9400C0B2E9 /* SingleActionCollectionView.swift */,
			);
			path = ObjectItem;
			sourceTree = "<group>";
		};
		C1C764862A818BD600BCB0F7 /* SortFilter */ = {
			isa = PBXGroup;
			children = (
				C1C764872A818BEC00BCB0F7 /* SortFilterExample.swift */,
				C1A0FDB22AD893FA0001738E /* SortFilterView+Extensions.swift */,
			);
			path = SortFilter;
			sourceTree = "<group>";
		};
/* End PBXGroup section */

/* Begin PBXNativeTarget section */
		1F60179329A8439A00DBDCDE /* WatchExamples Watch App */ = {
			isa = PBXNativeTarget;
			buildConfigurationList = 1F6017A529A8439C00DBDCDE /* Build configuration list for PBXNativeTarget "WatchExamples Watch App" */;
			buildPhases = (
				1F60179029A8439A00DBDCDE /* Sources */,
				1F60179129A8439A00DBDCDE /* Frameworks */,
				1F60179229A8439A00DBDCDE /* Resources */,
				1F6017A929A8450E00DBDCDE /* Embed Frameworks */,
			);
			buildRules = (
			);
			dependencies = (
			);
			name = "WatchExamples Watch App";
			packageProductDependencies = (
				1F6017A629A8450E00DBDCDE /* FioriThemeManager */,
			);
			productName = "WatchExamples Watch App";
			productReference = 1F60179429A8439A00DBDCDE /* WatchExamples Watch App.app */;
			productType = "com.apple.product-type.application";
		};
		8A55795224C1286E0098003A /* Examples */ = {
			isa = PBXNativeTarget;
			buildConfigurationList = 8A55797224C1286F0098003A /* Build configuration list for PBXNativeTarget "Examples" */;
			buildPhases = (
				8A55794F24C1286E0098003A /* Sources */,
				8A55795024C1286E0098003A /* Frameworks */,
				8A55795124C1286E0098003A /* Resources */,
				8A557A1624C129900098003A /* Embed Frameworks */,
				1F6017A229A8439C00DBDCDE /* Embed Watch Content */,
			);
			buildRules = (
			);
			dependencies = (
				1F6017A029A8439C00DBDCDE /* PBXTargetDependency */,
			);
			name = Examples;
			packageProductDependencies = (
				8A4A31B824E3564F00B63AF0 /* FioriSwiftUI */,
			);
			productName = Examples;
			productReference = 8A55795324C1286E0098003A /* Examples.app */;
			productType = "com.apple.product-type.application";
		};
/* End PBXNativeTarget section */

/* Begin PBXProject section */
		8A55794B24C1286E0098003A /* Project object */ = {
			isa = PBXProject;
			attributes = {
				LastSwiftUpdateCheck = 1420;
				LastUpgradeCheck = 1150;
				ORGANIZATIONNAME = SAP;
				TargetAttributes = {
					1F60179329A8439A00DBDCDE = {
						CreatedOnToolsVersion = 14.2;
					};
					8A55795224C1286E0098003A = {
						CreatedOnToolsVersion = 11.5;
					};
				};
			};
			buildConfigurationList = 8A55794E24C1286E0098003A /* Build configuration list for PBXProject "Examples" */;
			compatibilityVersion = "Xcode 9.3";
			developmentRegion = en;
			hasScannedForEncodings = 0;
			knownRegions = (
				en,
				Base,
				"zh-Hant",
				ar,
			);
			mainGroup = 8A55794A24C1286E0098003A;
			packageReferences = (
			);
			productRefGroup = 8A55795424C1286E0098003A /* Products */;
			projectDirPath = "";
			projectRoot = "";
			targets = (
				8A55795224C1286E0098003A /* Examples */,
				1F60179329A8439A00DBDCDE /* WatchExamples Watch App */,
			);
		};
/* End PBXProject section */

/* Begin PBXResourcesBuildPhase section */
		1F60179229A8439A00DBDCDE /* Resources */ = {
			isa = PBXResourcesBuildPhase;
			buildActionMask = 2147483647;
			files = (
				1F60179E29A8439C00DBDCDE /* Preview Assets.xcassets in Resources */,
				1F60179B29A8439C00DBDCDE /* Assets.xcassets in Resources */,
			);
			runOnlyForDeploymentPostprocessing = 0;
		};
		8A55795124C1286E0098003A /* Resources */ = {
			isa = PBXResourcesBuildPhase;
			buildActionMask = 2147483647;
			files = (
				8A55796324C1286F0098003A /* LaunchScreen.storyboard in Resources */,
				993A122E26A726AC0018028B /* PrivacyText.html in Resources */,
				8A55796024C1286F0098003A /* Preview Assets.xcassets in Resources */,
				B8D4376825EEC5E80024EE7D /* Assets.xcassets in Resources */,
				9996CD03262FFEBE001B99AE /* EULA2.html in Resources */,
				993A122F26A726AC0018028B /* PrivacyText.rtf in Resources */,
				9996CCFF262EB4E8001B99AE /* EULAText.html in Resources */,
			);
			runOnlyForDeploymentPostprocessing = 0;
		};
/* End PBXResourcesBuildPhase section */

/* Begin PBXSourcesBuildPhase section */
		1F60179029A8439A00DBDCDE /* Sources */ = {
			isa = PBXSourcesBuildPhase;
			buildActionMask = 2147483647;
			files = (
				1F60179929A8439A00DBDCDE /* ContentView.swift in Sources */,
				1F6017AD29A8481A00DBDCDE /* Colors.swift in Sources */,
				1F60179729A8439A00DBDCDE /* WatchExamplesApp.swift in Sources */,
			);
			runOnlyForDeploymentPostprocessing = 0;
		};
		8A55794F24C1286E0098003A /* Sources */ = {
			isa = PBXSourcesBuildPhase;
			buildActionMask = 2147483647;
			files = (
				B8101D52268BB84B00D32560 /* ContactItemTapStateExamples.swift in Sources */,
				8A55795724C1286E0098003A /* AppDelegate.swift in Sources */,
				B18D2E9F2988B07B000A1821 /* KPIHeaderExample.swift in Sources */,
				8AB6C01428DF6583002F32BE /* LazyView.swift in Sources */,
				691DE21925F2A30B00094D4A /* KPIViewExample.swift in Sources */,
				AB988B102631270300483D87 /* DataTableExample.swift in Sources */,
				99B6EF8C2672224D00515E8E /* UserConsentSample.swift in Sources */,
				B84D24F02652F343007F2373 /* ObjectHeaderExample.swift in Sources */,
				9996CD00262EB4E8001B99AE /* EULAViewSample.swift in Sources */,
				1F3C92F125DF12C100A99A07 /* ListPicker.swift in Sources */,
				B1D41B20291A2D97004E64A5 /* DurationPickerExample.swift in Sources */,
				1FC30414270541BF004BEE00 /* FioriThemeManagerContentView.swift in Sources */,
				99942D59261698FC001912C5 /* InfoViewSample.swift in Sources */,
				993B55BE29DF7EC70002B065 /* IconLibraryExample.swift in Sources */,
				B80DA9BE260C1CC200C0B2E9 /* ListDataProtocol.swift in Sources */,
				B1DD86532B0758F000D7EDFD /* NavigationBarPopover.swift in Sources */,
				B1DD86552B0759DD00D7EDFD /* NavigationBarCustomItem.swift in Sources */,
				B84D24EE2652F343007F2373 /* ObjectHeaderViewScenarios.swift in Sources */,
				108E43D5292DAB7C006532F3 /* EmptyStateViewExample.swift in Sources */,
				B13408922B01FA0700600331 /* NavigationBarExample.swift in Sources */,
				B84D24F22652F343007F2373 /* ObjectHeaderDeveloperExample.swift in Sources */,
				B80DA9C2260D04FB00C0B2E9 /* SingleActionLongFollowButton.swift in Sources */,
				8A6D64BA25AE714100D2D76C /* ExampleHighlightingStyle.swift in Sources */,
				99942D572616980A001912C5 /* OnboardingExamples.swift in Sources */,
				8A557A2424C12F380098003A /* ChartDetailView.swift in Sources */,
				8A5579D024C1293C0098003A /* SettingsLine.swift in Sources */,
				1FC30412270540FB004BEE00 /* 72-Fonts.swift in Sources */,
				C1A0FDB32AD893FA0001738E /* SortFilterView+Extensions.swift in Sources */,
				B84D24ED2652F343007F2373 /* HeaderChartExample.swift in Sources */,
				B100639329C0624D00AF0CA2 /* StepProgressIndicatorExample.swift in Sources */,
				B846F94626815CC90085044B /* ContactItemExample.swift in Sources */,
				8A5579CC24C1293C0098003A /* SettingsColorForCategory.swift in Sources */,
				8A557A1A24C12C820098003A /* ChartsContentView.swift in Sources */,
				8A5579CE24C1293C0098003A /* SettingColor.swift in Sources */,
				1F55FEF32AC941FF00D7A1BE /* View+Extensions.swift in Sources */,
				8A6DE30B28DD27F9003222E3 /* Colors.swift in Sources */,
				8AD9DFB225D49967007448EC /* StylingModifierExample.swift in Sources */,
				8A5579D124C1293C0098003A /* Settings.swift in Sources */,
				8AD9DFB025D49967007448EC /* ContactItemActionItemsExample.swift in Sources */,
				8A6D64B125AE658300D2D76C /* ExpHeaderView.swift in Sources */,
				B1BA1F922B19AAEE00E6C052 /* TabViewDetailView.swift in Sources */,
				B1DD864F2B07441C00D7EDFD /* UIFont+Fiori.swift in Sources */,
				B8D4376F25F980340024EE7D /* ObjectCell_Spec_Jan2018.swift in Sources */,
				8A5579CF24C1293C0098003A /* SettingsAxis.swift in Sources */,
				B80DA9BC260BED9400C0B2E9 /* SingleActionCollectionView.swift in Sources */,
				8A5579D924C1293C0098003A /* SettingsSelection.swift in Sources */,
				B80DA9C62612A54E00C0B2E9 /* ActivationScreenSample.swift in Sources */,
				B8D437732609479E0024EE7D /* SingleActionFollowButton.swift in Sources */,
				8AD9DFB325D49967007448EC /* ContactItemInitModelExample.swift in Sources */,
				B1DD86512B07534D00D7EDFD /* NavigationBarFioriStyle.swift in Sources */,
				B84D24F12652F343007F2373 /* ObjectHeaderSpec.swift in Sources */,
				B846F94A26815DF30085044B /* ContactItemCompactExamples.swift in Sources */,
				B1C7DC8129FBB13F00DC5EEB /* SPIModelExample.swift in Sources */,
				8A5579D824C1293C0098003A /* SettingsIndexSet.swift in Sources */,
				8A55795924C1286E0098003A /* SceneDelegate.swift in Sources */,
				1FF3662E264C662A00AB8BD8 /* DimensionSelector+Chart.swift in Sources */,
				8A55795B24C1286E0098003A /* ContentView.swift in Sources */,
				1F26DCFA261A5CD9006C43B1 /* FioriButtonContentView.swift in Sources */,
				B86F02AA267983870049DDA7 /* ObjectItemListView.swift in Sources */,
				B846F94826815DE50085044B /* ContactItemRegularExamples.swift in Sources */,
				8AD9DFB425D49967007448EC /* ContactItemInitViewBuilderExample.swift in Sources */,
				B8D4376D25F97F140024EE7D /* ObjectItemExample.swift in Sources */,
				8A6D64BF25AE7A6D00D2D76C /* ExperimentalContentView.swift in Sources */,
				69B2B5D9268A333C009AC6B3 /* KPIProgressViewExample.swift in Sources */,
				B1D9D22A2991E056008FF5BC /* ObjectItemAvatarsExample.swift in Sources */,
				B80DA9C72612A54E00C0B2E9 /* WelcomeScreenSample.swift in Sources */,
				8A5579D724C1293C0098003A /* SettingsCategoryAxis.swift in Sources */,
				B141D6BB29261F9E008A8BD6 /* SearchableListViewExample.swift in Sources */,
				975CB76B256C5A7400DB7A15 /* SignatureCaptureViewExample.swift in Sources */,
				8AD9DFB125D49967007448EC /* ContactItemStateAndDataBindingExample.swift in Sources */,
				B86F02A82679835F0049DDA7 /* ObjectItemInitExamples.swift in Sources */,
				692F338B26556A6A009B98DA /* SideBarExample.swift in Sources */,
				8A5579D324C1293C0098003A /* SettingsPoint.swift in Sources */,
				B80DA9BA260BBF8600C0B2E9 /* SingleActionProfiles.swift in Sources */,
				B18D593C2B0C52C700ABB1AD /* TabViewExample.swift in Sources */,
				8A5579D424C1293C0098003A /* SettingsBaseline.swift in Sources */,
				1F90888C261A59820015A84D /* FioriButtonExample.swift in Sources */,
				B8D4377125F983730024EE7D /* ObjectCell_Rules_Alignment.swift in Sources */,
				8A5579D524C1293C0098003A /* SettingsSeries.swift in Sources */,
				8A557A2224C12C9B0098003A /* CoreContentView.swift in Sources */,
				8A5579D224C1293C0098003A /* Color+Extensions.swift in Sources */,
				C1C764882A818BEC00BCB0F7 /* SortFilterExample.swift in Sources */,
				B84D24EF2652F343007F2373 /* ObjectHeaderTestApp.swift in Sources */,
				B84D24EC2652F343007F2373 /* ObjectHeaderSpecCompact.swift in Sources */,
				8A5579CD24C1293C0098003A /* SettingsLabel.swift in Sources */,
			);
			runOnlyForDeploymentPostprocessing = 0;
		};
/* End PBXSourcesBuildPhase section */

/* Begin PBXTargetDependency section */
		1F6017A029A8439C00DBDCDE /* PBXTargetDependency */ = {
			isa = PBXTargetDependency;
			target = 1F60179329A8439A00DBDCDE /* WatchExamples Watch App */;
			targetProxy = 1F60179F29A8439C00DBDCDE /* PBXContainerItemProxy */;
		};
/* End PBXTargetDependency section */

/* Begin PBXVariantGroup section */
		8A55796124C1286F0098003A /* LaunchScreen.storyboard */ = {
			isa = PBXVariantGroup;
			children = (
				8A55796224C1286F0098003A /* Base */,
			);
			name = LaunchScreen.storyboard;
			sourceTree = "<group>";
		};
/* End PBXVariantGroup section */

/* Begin XCBuildConfiguration section */
		1F6017A329A8439C00DBDCDE /* Debug */ = {
			isa = XCBuildConfiguration;
			buildSettings = {
				ASSETCATALOG_COMPILER_APPICON_NAME = AppIcon;
				ASSETCATALOG_COMPILER_GLOBAL_ACCENT_COLOR_NAME = AccentColor;
				CLANG_CXX_LANGUAGE_STANDARD = "gnu++20";
				CLANG_WARN_QUOTED_INCLUDE_IN_FRAMEWORK_HEADER = YES;
				CODE_SIGN_STYLE = Automatic;
				CURRENT_PROJECT_VERSION = 1;
				DEVELOPMENT_ASSET_PATHS = "\"WatchExamples Watch App/Preview Content\"";
				ENABLE_PREVIEWS = YES;
				GENERATE_INFOPLIST_FILE = YES;
				INFOPLIST_KEY_CFBundleDisplayName = WatchExamples;
				INFOPLIST_KEY_UISupportedInterfaceOrientations = "UIInterfaceOrientationPortrait UIInterfaceOrientationPortraitUpsideDown";
				INFOPLIST_KEY_WKCompanionAppBundleIdentifier = "com.sap.cloud-sdk-ios-fiori.Examples";
				INFOPLIST_KEY_WKRunsIndependentlyOfCompanionApp = YES;
				LD_RUNPATH_SEARCH_PATHS = (
					"$(inherited)",
					"@executable_path/Frameworks",
				);
				MARKETING_VERSION = 1.0;
				PRODUCT_BUNDLE_IDENTIFIER = "com.sap.cloud-sdk-ios-fiori.Examples.watchkitapp";
				PRODUCT_NAME = "$(TARGET_NAME)";
				SDKROOT = watchos;
				SKIP_INSTALL = YES;
				SWIFT_EMIT_LOC_STRINGS = YES;
				SWIFT_VERSION = 5.0;
				TARGETED_DEVICE_FAMILY = 4;
				WATCHOS_DEPLOYMENT_TARGET = 9.1;
			};
			name = Debug;
		};
		1F6017A429A8439C00DBDCDE /* Release */ = {
			isa = XCBuildConfiguration;
			buildSettings = {
				ASSETCATALOG_COMPILER_APPICON_NAME = AppIcon;
				ASSETCATALOG_COMPILER_GLOBAL_ACCENT_COLOR_NAME = AccentColor;
				CLANG_CXX_LANGUAGE_STANDARD = "gnu++20";
				CLANG_WARN_QUOTED_INCLUDE_IN_FRAMEWORK_HEADER = YES;
				CODE_SIGN_STYLE = Automatic;
				CURRENT_PROJECT_VERSION = 1;
				DEVELOPMENT_ASSET_PATHS = "\"WatchExamples Watch App/Preview Content\"";
				ENABLE_PREVIEWS = YES;
				GENERATE_INFOPLIST_FILE = YES;
				INFOPLIST_KEY_CFBundleDisplayName = WatchExamples;
				INFOPLIST_KEY_UISupportedInterfaceOrientations = "UIInterfaceOrientationPortrait UIInterfaceOrientationPortraitUpsideDown";
				INFOPLIST_KEY_WKCompanionAppBundleIdentifier = "com.sap.cloud-sdk-ios-fiori.Examples";
				INFOPLIST_KEY_WKRunsIndependentlyOfCompanionApp = YES;
				LD_RUNPATH_SEARCH_PATHS = (
					"$(inherited)",
					"@executable_path/Frameworks",
				);
				MARKETING_VERSION = 1.0;
				PRODUCT_BUNDLE_IDENTIFIER = "com.sap.cloud-sdk-ios-fiori.Examples.watchkitapp";
				PRODUCT_NAME = "$(TARGET_NAME)";
				SDKROOT = watchos;
				SKIP_INSTALL = YES;
				SWIFT_EMIT_LOC_STRINGS = YES;
				SWIFT_VERSION = 5.0;
				TARGETED_DEVICE_FAMILY = 4;
				WATCHOS_DEPLOYMENT_TARGET = 9.1;
			};
			name = Release;
		};
		8A55797024C1286F0098003A /* Debug */ = {
			isa = XCBuildConfiguration;
			buildSettings = {
				ALWAYS_SEARCH_USER_PATHS = NO;
				CLANG_ANALYZER_LOCALIZABILITY_NONLOCALIZED = YES;
				CLANG_ANALYZER_NONNULL = YES;
				CLANG_ANALYZER_NUMBER_OBJECT_CONVERSION = YES_AGGRESSIVE;
				CLANG_CXX_LANGUAGE_STANDARD = "gnu++14";
				CLANG_CXX_LIBRARY = "libc++";
				CLANG_ENABLE_MODULES = YES;
				CLANG_ENABLE_OBJC_ARC = YES;
				CLANG_ENABLE_OBJC_WEAK = YES;
				CLANG_WARN_BLOCK_CAPTURE_AUTORELEASING = YES;
				CLANG_WARN_BOOL_CONVERSION = YES;
				CLANG_WARN_COMMA = YES;
				CLANG_WARN_CONSTANT_CONVERSION = YES;
				CLANG_WARN_DEPRECATED_OBJC_IMPLEMENTATIONS = YES;
				CLANG_WARN_DIRECT_OBJC_ISA_USAGE = YES_ERROR;
				CLANG_WARN_DOCUMENTATION_COMMENTS = YES;
				CLANG_WARN_EMPTY_BODY = YES;
				CLANG_WARN_ENUM_CONVERSION = YES;
				CLANG_WARN_INFINITE_RECURSION = YES;
				CLANG_WARN_INT_CONVERSION = YES;
				CLANG_WARN_NON_LITERAL_NULL_CONVERSION = YES;
				CLANG_WARN_OBJC_IMPLICIT_RETAIN_SELF = YES;
				CLANG_WARN_OBJC_LITERAL_CONVERSION = YES;
				CLANG_WARN_OBJC_ROOT_CLASS = YES_ERROR;
				CLANG_WARN_RANGE_LOOP_ANALYSIS = YES;
				CLANG_WARN_STRICT_PROTOTYPES = YES;
				CLANG_WARN_SUSPICIOUS_MOVE = YES;
				CLANG_WARN_UNGUARDED_AVAILABILITY = YES_AGGRESSIVE;
				CLANG_WARN_UNREACHABLE_CODE = YES;
				CLANG_WARN__DUPLICATE_METHOD_MATCH = YES;
				COPY_PHASE_STRIP = NO;
				DEBUG_INFORMATION_FORMAT = dwarf;
				ENABLE_STRICT_OBJC_MSGSEND = YES;
				ENABLE_TESTABILITY = YES;
				GCC_C_LANGUAGE_STANDARD = gnu11;
				GCC_DYNAMIC_NO_PIC = NO;
				GCC_NO_COMMON_BLOCKS = YES;
				GCC_OPTIMIZATION_LEVEL = 0;
				GCC_PREPROCESSOR_DEFINITIONS = (
					"DEBUG=1",
					"$(inherited)",
				);
				GCC_WARN_64_TO_32_BIT_CONVERSION = YES;
				GCC_WARN_ABOUT_RETURN_TYPE = YES_ERROR;
				GCC_WARN_UNDECLARED_SELECTOR = YES;
				GCC_WARN_UNINITIALIZED_AUTOS = YES_AGGRESSIVE;
				GCC_WARN_UNUSED_FUNCTION = YES;
				GCC_WARN_UNUSED_VARIABLE = YES;
				IPHONEOS_DEPLOYMENT_TARGET = 16.0;
				MTL_ENABLE_DEBUG_INFO = INCLUDE_SOURCE;
				MTL_FAST_MATH = YES;
				ONLY_ACTIVE_ARCH = YES;
				SDKROOT = iphoneos;
				SWIFT_ACTIVE_COMPILATION_CONDITIONS = DEBUG;
				SWIFT_OPTIMIZATION_LEVEL = "-Onone";
			};
			name = Debug;
		};
		8A55797124C1286F0098003A /* Release */ = {
			isa = XCBuildConfiguration;
			buildSettings = {
				ALWAYS_SEARCH_USER_PATHS = NO;
				CLANG_ANALYZER_LOCALIZABILITY_NONLOCALIZED = YES;
				CLANG_ANALYZER_NONNULL = YES;
				CLANG_ANALYZER_NUMBER_OBJECT_CONVERSION = YES_AGGRESSIVE;
				CLANG_CXX_LANGUAGE_STANDARD = "gnu++14";
				CLANG_CXX_LIBRARY = "libc++";
				CLANG_ENABLE_MODULES = YES;
				CLANG_ENABLE_OBJC_ARC = YES;
				CLANG_ENABLE_OBJC_WEAK = YES;
				CLANG_WARN_BLOCK_CAPTURE_AUTORELEASING = YES;
				CLANG_WARN_BOOL_CONVERSION = YES;
				CLANG_WARN_COMMA = YES;
				CLANG_WARN_CONSTANT_CONVERSION = YES;
				CLANG_WARN_DEPRECATED_OBJC_IMPLEMENTATIONS = YES;
				CLANG_WARN_DIRECT_OBJC_ISA_USAGE = YES_ERROR;
				CLANG_WARN_DOCUMENTATION_COMMENTS = YES;
				CLANG_WARN_EMPTY_BODY = YES;
				CLANG_WARN_ENUM_CONVERSION = YES;
				CLANG_WARN_INFINITE_RECURSION = YES;
				CLANG_WARN_INT_CONVERSION = YES;
				CLANG_WARN_NON_LITERAL_NULL_CONVERSION = YES;
				CLANG_WARN_OBJC_IMPLICIT_RETAIN_SELF = YES;
				CLANG_WARN_OBJC_LITERAL_CONVERSION = YES;
				CLANG_WARN_OBJC_ROOT_CLASS = YES_ERROR;
				CLANG_WARN_RANGE_LOOP_ANALYSIS = YES;
				CLANG_WARN_STRICT_PROTOTYPES = YES;
				CLANG_WARN_SUSPICIOUS_MOVE = YES;
				CLANG_WARN_UNGUARDED_AVAILABILITY = YES_AGGRESSIVE;
				CLANG_WARN_UNREACHABLE_CODE = YES;
				CLANG_WARN__DUPLICATE_METHOD_MATCH = YES;
				COPY_PHASE_STRIP = NO;
				DEBUG_INFORMATION_FORMAT = "dwarf-with-dsym";
				ENABLE_NS_ASSERTIONS = NO;
				ENABLE_STRICT_OBJC_MSGSEND = YES;
				GCC_C_LANGUAGE_STANDARD = gnu11;
				GCC_NO_COMMON_BLOCKS = YES;
				GCC_WARN_64_TO_32_BIT_CONVERSION = YES;
				GCC_WARN_ABOUT_RETURN_TYPE = YES_ERROR;
				GCC_WARN_UNDECLARED_SELECTOR = YES;
				GCC_WARN_UNINITIALIZED_AUTOS = YES_AGGRESSIVE;
				GCC_WARN_UNUSED_FUNCTION = YES;
				GCC_WARN_UNUSED_VARIABLE = YES;
				IPHONEOS_DEPLOYMENT_TARGET = 16.0;
				MTL_ENABLE_DEBUG_INFO = NO;
				MTL_FAST_MATH = YES;
				SDKROOT = iphoneos;
				SWIFT_COMPILATION_MODE = wholemodule;
				SWIFT_OPTIMIZATION_LEVEL = "-O";
				VALIDATE_PRODUCT = YES;
			};
			name = Release;
		};
		8A55797324C1286F0098003A /* Debug */ = {
			isa = XCBuildConfiguration;
			buildSettings = {
				ALWAYS_EMBED_SWIFT_STANDARD_LIBRARIES = YES;
				ASSETCATALOG_COMPILER_APPICON_NAME = AppIcon;
				CODE_SIGN_STYLE = Automatic;
				DEVELOPMENT_ASSET_PATHS = "\"Examples/Preview Content\"";
				DEVELOPMENT_TEAM = "";
				ENABLE_PREVIEWS = YES;
				INFOPLIST_FILE = Examples/Info.plist;
				IPHONEOS_DEPLOYMENT_TARGET = 16.0;
				LD_RUNPATH_SEARCH_PATHS = (
					"$(inherited)",
					"@executable_path/Frameworks",
				);
				PRODUCT_BUNDLE_IDENTIFIER = "com.sap.cloud-sdk-ios-fiori.Examples";
				PRODUCT_NAME = "$(TARGET_NAME)";
				SWIFT_VERSION = 5.0;
				TARGETED_DEVICE_FAMILY = "1,2";
			};
			name = Debug;
		};
		8A55797424C1286F0098003A /* Release */ = {
			isa = XCBuildConfiguration;
			buildSettings = {
				ALWAYS_EMBED_SWIFT_STANDARD_LIBRARIES = YES;
				ASSETCATALOG_COMPILER_APPICON_NAME = AppIcon;
				CODE_SIGN_STYLE = Automatic;
				DEVELOPMENT_ASSET_PATHS = "\"Examples/Preview Content\"";
				DEVELOPMENT_TEAM = "";
				ENABLE_PREVIEWS = YES;
				INFOPLIST_FILE = Examples/Info.plist;
				IPHONEOS_DEPLOYMENT_TARGET = 16.0;
				LD_RUNPATH_SEARCH_PATHS = (
					"$(inherited)",
					"@executable_path/Frameworks",
				);
				PRODUCT_BUNDLE_IDENTIFIER = "com.sap.cloud-sdk-ios-fiori.Examples";
				PRODUCT_NAME = "$(TARGET_NAME)";
				SWIFT_VERSION = 5.0;
				TARGETED_DEVICE_FAMILY = "1,2";
			};
			name = Release;
		};
/* End XCBuildConfiguration section */

/* Begin XCConfigurationList section */
		1F6017A529A8439C00DBDCDE /* Build configuration list for PBXNativeTarget "WatchExamples Watch App" */ = {
			isa = XCConfigurationList;
			buildConfigurations = (
				1F6017A329A8439C00DBDCDE /* Debug */,
				1F6017A429A8439C00DBDCDE /* Release */,
			);
			defaultConfigurationIsVisible = 0;
			defaultConfigurationName = Release;
		};
		8A55794E24C1286E0098003A /* Build configuration list for PBXProject "Examples" */ = {
			isa = XCConfigurationList;
			buildConfigurations = (
				8A55797024C1286F0098003A /* Debug */,
				8A55797124C1286F0098003A /* Release */,
			);
			defaultConfigurationIsVisible = 0;
			defaultConfigurationName = Release;
		};
		8A55797224C1286F0098003A /* Build configuration list for PBXNativeTarget "Examples" */ = {
			isa = XCConfigurationList;
			buildConfigurations = (
				8A55797324C1286F0098003A /* Debug */,
				8A55797424C1286F0098003A /* Release */,
			);
			defaultConfigurationIsVisible = 0;
			defaultConfigurationName = Release;
		};
/* End XCConfigurationList section */

/* Begin XCSwiftPackageProductDependency section */
		1F6017A629A8450E00DBDCDE /* FioriThemeManager */ = {
			isa = XCSwiftPackageProductDependency;
			productName = FioriThemeManager;
		};
		8A4A31B824E3564F00B63AF0 /* FioriSwiftUI */ = {
			isa = XCSwiftPackageProductDependency;
			productName = FioriSwiftUI;
		};
/* End XCSwiftPackageProductDependency section */
	};
	rootObject = 8A55794B24C1286E0098003A /* Project object */;
}
